
Microsoft Visual Studio Solution File, Format Version 12.00
# Visual Studio Version 16
VisualStudioVersion = 16.0.30204.135
MinimumVisualStudioVersion = 10.0.40219.1
Project("{2150E333-8FDC-42A3-9474-1A3956D46DE8}") = "0 - Solution Items", "0 - Solution Items", "{13288C14-BD52-4881-A902-99C8C449D201}"
	ProjectSection(SolutionItems) = preProject
		README.md = README.md
	EndProjectSection
EndProject
Project("{2150E333-8FDC-42A3-9474-1A3956D46DE8}") = "1 - Partners", "1 - Partners", "{037B391D-7529-4FFC-B529-F567FAFDE116}"
EndProject
Project("{2150E333-8FDC-42A3-9474-1A3956D46DE8}") = "2 - BuildingBlocks", "2 - BuildingBlocks", "{8553EDD2-F787-4DAF-AFE9-C3F35AC7ACBB}"
EndProject
Project("{2150E333-8FDC-42A3-9474-1A3956D46DE8}") = "3 - UnitTest", "3 - UnitTest", "{82D2BF3A-3FD4-4D48-AC64-65A4DDD9BD87}"
EndProject
Project("{2150E333-8FDC-42A3-9474-1A3956D46DE8}") = "BA", "BA", "{165563FC-15C0-4131-9DEB-9F1A66B0E8A4}"
EndProject
Project("{2150E333-8FDC-42A3-9474-1A3956D46DE8}") = "CNN", "CNN", "{6F1CD24E-9574-41D9-9ECC-4263DC619828}"
EndProject
Project("{2150E333-8FDC-42A3-9474-1A3956D46DE8}") = "MOTO", "MOTO", "{043CFB56-FE55-46E6-9788-2D58EDA7A3D0}"
EndProject
Project("{2150E333-8FDC-42A3-9474-1A3956D46DE8}") = "VIVIEW", "VIVIEW", "{0EFBBFD0-5E2B-4BDC-AE6B-610B2B84E549}"
EndProject
Project("{2150E333-8FDC-42A3-9474-1A3956D46DE8}") = "VMS", "VMS", "{6F208EF3-641E-4CEA-86DE-AE891C0560FD}"
EndProject
Project("{2150E333-8FDC-42A3-9474-1A3956D46DE8}") = "Library", "Library", "{CFC95E3F-97BE-47A2-B8EC-A6F1250B2781}"
EndProject
Project("{2150E333-8FDC-42A3-9474-1A3956D46DE8}") = "Business", "Business", "{91C9A016-0861-4721-A4DA-F15C1CCDF1FB}"
EndProject
Project("{2150E333-8FDC-42A3-9474-1A3956D46DE8}") = "Data", "Data", "{084934CB-AE10-4048-80DF-005341B72161}"
EndProject
Project("{2150E333-8FDC-42A3-9474-1A3956D46DE8}") = "Platform.Shared", "Platform.Shared", "{16F74835-1711-4D30-B380-2895599EB25D}"
EndProject
Project("{2150E333-8FDC-42A3-9474-1A3956D46DE8}") = "Shared", "Shared", "{A7CB33B7-32AA-4717-8C83-45811B772A33}"
EndProject
Project("{2150E333-8FDC-42A3-9474-1A3956D46DE8}") = "Android", "Android", "{1419F3D0-9D85-4B3C-ADBD-297FADC1AD72}"
	ProjectSection(SolutionItems) = preProject
		src\BuildingBlocks\Library\Android\GoogleMapsUtility.dll = src\BuildingBlocks\Library\Android\GoogleMapsUtility.dll
		src\BuildingBlocks\Library\Android\Plugin.BLE.Abstractions.dll = src\BuildingBlocks\Library\Android\Plugin.BLE.Abstractions.dll
		src\BuildingBlocks\Library\Android\Plugin.BLE.dll = src\BuildingBlocks\Library\Android\Plugin.BLE.dll
		src\BuildingBlocks\Library\Android\Stormlion.FrescoImageViewer.dll = src\BuildingBlocks\Library\Android\Stormlion.FrescoImageViewer.dll
		src\BuildingBlocks\Library\Android\Stormlion.PhotoDraweeView.dll = src\BuildingBlocks\Library\Android\Stormlion.PhotoDraweeView.dll
	EndProjectSection
EndProject
Project("{2150E333-8FDC-42A3-9474-1A3956D46DE8}") = "iOS", "iOS", "{4C6F7B5D-31E2-4525-8C2F-25E9F0A8AD29}"
	ProjectSection(SolutionItems) = preProject
		src\BuildingBlocks\Library\IOS\Plugin.BLE.Abstractions.dll = src\BuildingBlocks\Library\IOS\Plugin.BLE.Abstractions.dll
		src\BuildingBlocks\Library\IOS\Plugin.BLE.dll = src\BuildingBlocks\Library\IOS\Plugin.BLE.dll
	EndProjectSection
EndProject
Project("{2150E333-8FDC-42A3-9474-1A3956D46DE8}") = "Shared", "Shared", "{7383C517-A64E-4B7B-9C90-C0A177486092}"
	ProjectSection(SolutionItems) = preProject
		src\BuildingBlocks\Library\Shared\BA.Utilities.dll = src\BuildingBlocks\Library\Shared\BA.Utilities.dll
		src\BuildingBlocks\Library\Shared\Plugin.BLE.Abstractions.dll = src\BuildingBlocks\Library\Shared\Plugin.BLE.Abstractions.dll
		src\BuildingBlocks\Library\Shared\Plugin.BLE.dll = src\BuildingBlocks\Library\Shared\Plugin.BLE.dll
		src\BuildingBlocks\Library\Shared\StaxiCrypt.dll = src\BuildingBlocks\Library\Shared\StaxiCrypt.dll
	EndProjectSection
EndProject
Project("{9A19103F-16F7-4668-BE54-9A1E7A4F7556}") = "BA_MobileGPS.Core", "src\BuildingBlocks\BA_MobileGPS.Core\BA_MobileGPS.Core.csproj", "{55E2FE34-997F-4771-A5D7-8114B5FB7899}"
EndProject
Project("{9A19103F-16F7-4668-BE54-9A1E7A4F7556}") = "BA_MobileGPS.Utilities", "src\BuildingBlocks\BA_MobileGPS.Utilities\BA_MobileGPS.Utilities.csproj", "{89A997B6-2157-4BAD-A833-D3FA085B54BA}"
EndProject
Project("{FAE04EC0-301F-11D3-BF4B-00C04F79EFBC}") = "BA_MobileGPS.Core.iOS", "src\BuildingBlocks\BA_MobileGPS.Core.iOS\BA_MobileGPS.Core.iOS.csproj", "{0CF1BDAE-B18E-46B4-B336-CE73D4323258}"
EndProject
Project("{9A19103F-16F7-4668-BE54-9A1E7A4F7556}") = "BA_MobileGPS.Entities", "src\BuildingBlocks\BA_MobileGPS.Entities\BA_MobileGPS.Entities.csproj", "{7BA47576-C41E-4082-AAFD-63010A3B4868}"
EndProject
Project("{9A19103F-16F7-4668-BE54-9A1E7A4F7556}") = "BA_MobileGPS.Service", "src\BuildingBlocks\BA_MobileGPS.Service\BA_MobileGPS.Service.csproj", "{DB61AA62-4162-4FB9-908C-B90470DF4136}"
EndProject
Project("{FAE04EC0-301F-11D3-BF4B-00C04F79EFBC}") = "BA_MobileGPS.iOS", "src\Partners\BA_MobileGPS\BA_MobileGPS.iOS\BA_MobileGPS.iOS.csproj", "{C88F8A2C-3F65-4606-8E3D-F207C3E50A70}"
EndProject
Project("{9A19103F-16F7-4668-BE54-9A1E7A4F7556}") = "BA_MobileGPS", "src\Partners\BA_MobileGPS\BA_MobileGPS\BA_MobileGPS.csproj", "{6A28A714-343F-41F0-85FD-1A0C07B6F478}"
EndProject
Project("{9A19103F-16F7-4668-BE54-9A1E7A4F7556}") = "VMS_MobileGPS", "src\Partners\VMS_MobileGPS\VMS_MobileGPS\VMS_MobileGPS.csproj", "{C971F261-39AC-42DF-85AC-4C707AB06A54}"
EndProject
Project("{FAE04EC0-301F-11D3-BF4B-00C04F79EFBC}") = "VMS_MobileGPS.iOS", "src\Partners\VMS_MobileGPS\VMS_MobileGPS.iOS\VMS_MobileGPS.iOS.csproj", "{CA472EA3-46E7-4A34-A345-2D64CBC198DC}"
EndProject
Project("{FAE04EC0-301F-11D3-BF4B-00C04F79EFBC}") = "BA_MobileGPS.Android", "src\Partners\BA_MobileGPS\BA_MobileGPS.Android\BA_MobileGPS.Android.csproj", "{9DD9EC6B-591E-4F79-B142-775D1F9A96AE}"
EndProject
Project("{FAE04EC0-301F-11D3-BF4B-00C04F79EFBC}") = "VMS_MobileGPS.Android", "src\Partners\VMS_MobileGPS\VMS_MobileGPS.Android\VMS_MobileGPS.Android.csproj", "{146C2BC6-A664-4554-B2EC-D5A7C770E04B}"
EndProject
Project("{FAE04EC0-301F-11D3-BF4B-00C04F79EFBC}") = "BA_MobileGPS.Core.Droid", "src\BuildingBlocks\BA_MobileGPS.Core.Droid\BA_MobileGPS.Core.Droid.csproj", "{C936199A-57C9-44C2-9671-82C1BF971DCD}"
EndProject
Project("{9A19103F-16F7-4668-BE54-9A1E7A4F7556}") = "BA_MobileGPS.Utilities.UnitTest", "test\BA_MobileGPS.Utilities.UnitTest\BA_MobileGPS.Utilities.UnitTest.csproj", "{93590C3E-9A54-4F80-88BD-91CC37026FDA}"
EndProject
Project("{9A19103F-16F7-4668-BE54-9A1E7A4F7556}") = "CNN_MobileGPS", "src\Partners\CNN_MobileGPS\CNN_MobileGPS\CNN_MobileGPS.csproj", "{FC745B10-097A-45FC-8234-0EED72AA3E89}"
EndProject
Project("{FAE04EC0-301F-11D3-BF4B-00C04F79EFBC}") = "CNN_MobileGPS.Android", "src\Partners\CNN_MobileGPS\CNN_MobileGPS.Android\CNN_MobileGPS.Android.csproj", "{79E0093F-A1C5-4F27-9E3F-8648F05C2135}"
EndProject
Project("{FAE04EC0-301F-11D3-BF4B-00C04F79EFBC}") = "CNN_MobileGPS.iOS", "src\Partners\CNN_MobileGPS\CNN_MobileGPS.iOS\CNN_MobileGPS.iOS.csproj", "{C5426040-C67B-4A56-A224-A63986A62E5D}"
EndProject
Project("{9A19103F-16F7-4668-BE54-9A1E7A4F7556}") = "VIVIEW_MobileGPS", "src\Partners\VIVIEW_MobileGPS\VIVIEW_MobileGPS\VIVIEW_MobileGPS.csproj", "{3824D767-D090-4FD6-B845-0153713C45E1}"
EndProject
Project("{FAE04EC0-301F-11D3-BF4B-00C04F79EFBC}") = "VIVIEW_MobileGPS.Android", "src\Partners\VIVIEW_MobileGPS\VIVIEW_MobileGPS.Android\VIVIEW_MobileGPS.Android.csproj", "{03BBBCCA-FCE6-4C77-9334-E356C1B9281D}"
EndProject
Project("{FAE04EC0-301F-11D3-BF4B-00C04F79EFBC}") = "VIVIEW_MobileGPS.iOS", "src\Partners\VIVIEW_MobileGPS\VIVIEW_MobileGPS.iOS\VIVIEW_MobileGPS.iOS.csproj", "{D85CDDA6-C1D4-46EC-A4B8-1A2CFAC3932E}"
EndProject
Project("{9A19103F-16F7-4668-BE54-9A1E7A4F7556}") = "MOTO_MobileGPS", "src\Partners\MOTO_MobileGPS\MOTO_MobileGPS\MOTO_MobileGPS.csproj", "{E3966F5F-5039-4ACC-9393-BC920221E041}"
EndProject
Project("{FAE04EC0-301F-11D3-BF4B-00C04F79EFBC}") = "MOTO_MobileGPS.Android", "src\Partners\MOTO_MobileGPS\MOTO_MobileGPS.Android\MOTO_MobileGPS.Android.csproj", "{DEF5A7EC-D713-49B8-9FDF-01E0B2EB70A7}"
EndProject
Project("{FAE04EC0-301F-11D3-BF4B-00C04F79EFBC}") = "MOTO_MobileGPS.iOS", "src\Partners\MOTO_MobileGPS\MOTO_MobileGPS.iOS\MOTO_MobileGPS.iOS.csproj", "{F4FE701B-F359-4AD5-B45E-B9256C38666B}"
EndProject
Global
	GlobalSection(SolutionConfigurationPlatforms) = preSolution
		Ad-Hoc|Any CPU = Ad-Hoc|Any CPU
		Ad-Hoc|iPhone = Ad-Hoc|iPhone
		Ad-Hoc|iPhoneSimulator = Ad-Hoc|iPhoneSimulator
		AppStore|Any CPU = AppStore|Any CPU
		AppStore|iPhone = AppStore|iPhone
		AppStore|iPhoneSimulator = AppStore|iPhoneSimulator
		Debug|Any CPU = Debug|Any CPU
		Debug|iPhone = Debug|iPhone
		Debug|iPhoneSimulator = Debug|iPhoneSimulator
		Release|Any CPU = Release|Any CPU
		Release|iPhone = Release|iPhone
		Release|iPhoneSimulator = Release|iPhoneSimulator
	EndGlobalSection
	GlobalSection(ProjectConfigurationPlatforms) = postSolution
		{55E2FE34-997F-4771-A5D7-8114B5FB7899}.Ad-Hoc|Any CPU.ActiveCfg = Release|Any CPU
		{55E2FE34-997F-4771-A5D7-8114B5FB7899}.Ad-Hoc|Any CPU.Build.0 = Release|Any CPU
		{55E2FE34-997F-4771-A5D7-8114B5FB7899}.Ad-Hoc|iPhone.ActiveCfg = Release|Any CPU
		{55E2FE34-997F-4771-A5D7-8114B5FB7899}.Ad-Hoc|iPhone.Build.0 = Release|Any CPU
		{55E2FE34-997F-4771-A5D7-8114B5FB7899}.Ad-Hoc|iPhoneSimulator.ActiveCfg = Release|Any CPU
		{55E2FE34-997F-4771-A5D7-8114B5FB7899}.Ad-Hoc|iPhoneSimulator.Build.0 = Release|Any CPU
		{55E2FE34-997F-4771-A5D7-8114B5FB7899}.AppStore|Any CPU.ActiveCfg = Release|Any CPU
		{55E2FE34-997F-4771-A5D7-8114B5FB7899}.AppStore|Any CPU.Build.0 = Release|Any CPU
		{55E2FE34-997F-4771-A5D7-8114B5FB7899}.AppStore|iPhone.ActiveCfg = Release|Any CPU
		{55E2FE34-997F-4771-A5D7-8114B5FB7899}.AppStore|iPhone.Build.0 = Release|Any CPU
		{55E2FE34-997F-4771-A5D7-8114B5FB7899}.AppStore|iPhoneSimulator.ActiveCfg = Release|Any CPU
		{55E2FE34-997F-4771-A5D7-8114B5FB7899}.AppStore|iPhoneSimulator.Build.0 = Release|Any CPU
		{55E2FE34-997F-4771-A5D7-8114B5FB7899}.Debug|Any CPU.ActiveCfg = Debug|Any CPU
		{55E2FE34-997F-4771-A5D7-8114B5FB7899}.Debug|Any CPU.Build.0 = Debug|Any CPU
		{55E2FE34-997F-4771-A5D7-8114B5FB7899}.Debug|iPhone.ActiveCfg = Debug|Any CPU
		{55E2FE34-997F-4771-A5D7-8114B5FB7899}.Debug|iPhone.Build.0 = Debug|Any CPU
		{55E2FE34-997F-4771-A5D7-8114B5FB7899}.Debug|iPhoneSimulator.ActiveCfg = Debug|Any CPU
		{55E2FE34-997F-4771-A5D7-8114B5FB7899}.Debug|iPhoneSimulator.Build.0 = Debug|Any CPU
		{55E2FE34-997F-4771-A5D7-8114B5FB7899}.Release|Any CPU.ActiveCfg = Release|Any CPU
		{55E2FE34-997F-4771-A5D7-8114B5FB7899}.Release|Any CPU.Build.0 = Release|Any CPU
		{55E2FE34-997F-4771-A5D7-8114B5FB7899}.Release|iPhone.ActiveCfg = Release|Any CPU
		{55E2FE34-997F-4771-A5D7-8114B5FB7899}.Release|iPhone.Build.0 = Release|Any CPU
		{55E2FE34-997F-4771-A5D7-8114B5FB7899}.Release|iPhoneSimulator.ActiveCfg = Release|Any CPU
		{55E2FE34-997F-4771-A5D7-8114B5FB7899}.Release|iPhoneSimulator.Build.0 = Release|Any CPU
		{89A997B6-2157-4BAD-A833-D3FA085B54BA}.Ad-Hoc|Any CPU.ActiveCfg = Release|Any CPU
		{89A997B6-2157-4BAD-A833-D3FA085B54BA}.Ad-Hoc|Any CPU.Build.0 = Release|Any CPU
		{89A997B6-2157-4BAD-A833-D3FA085B54BA}.Ad-Hoc|iPhone.ActiveCfg = Release|Any CPU
		{89A997B6-2157-4BAD-A833-D3FA085B54BA}.Ad-Hoc|iPhone.Build.0 = Release|Any CPU
		{89A997B6-2157-4BAD-A833-D3FA085B54BA}.Ad-Hoc|iPhoneSimulator.ActiveCfg = Release|Any CPU
		{89A997B6-2157-4BAD-A833-D3FA085B54BA}.Ad-Hoc|iPhoneSimulator.Build.0 = Release|Any CPU
		{89A997B6-2157-4BAD-A833-D3FA085B54BA}.AppStore|Any CPU.ActiveCfg = Release|Any CPU
		{89A997B6-2157-4BAD-A833-D3FA085B54BA}.AppStore|Any CPU.Build.0 = Release|Any CPU
		{89A997B6-2157-4BAD-A833-D3FA085B54BA}.AppStore|iPhone.ActiveCfg = Release|Any CPU
		{89A997B6-2157-4BAD-A833-D3FA085B54BA}.AppStore|iPhone.Build.0 = Release|Any CPU
		{89A997B6-2157-4BAD-A833-D3FA085B54BA}.AppStore|iPhoneSimulator.ActiveCfg = Release|Any CPU
		{89A997B6-2157-4BAD-A833-D3FA085B54BA}.AppStore|iPhoneSimulator.Build.0 = Release|Any CPU
		{89A997B6-2157-4BAD-A833-D3FA085B54BA}.Debug|Any CPU.ActiveCfg = Debug|Any CPU
		{89A997B6-2157-4BAD-A833-D3FA085B54BA}.Debug|Any CPU.Build.0 = Debug|Any CPU
		{89A997B6-2157-4BAD-A833-D3FA085B54BA}.Debug|iPhone.ActiveCfg = Debug|Any CPU
		{89A997B6-2157-4BAD-A833-D3FA085B54BA}.Debug|iPhone.Build.0 = Debug|Any CPU
		{89A997B6-2157-4BAD-A833-D3FA085B54BA}.Debug|iPhoneSimulator.ActiveCfg = Debug|Any CPU
		{89A997B6-2157-4BAD-A833-D3FA085B54BA}.Debug|iPhoneSimulator.Build.0 = Debug|Any CPU
		{89A997B6-2157-4BAD-A833-D3FA085B54BA}.Release|Any CPU.ActiveCfg = Release|Any CPU
		{89A997B6-2157-4BAD-A833-D3FA085B54BA}.Release|Any CPU.Build.0 = Release|Any CPU
		{89A997B6-2157-4BAD-A833-D3FA085B54BA}.Release|iPhone.ActiveCfg = Release|Any CPU
		{89A997B6-2157-4BAD-A833-D3FA085B54BA}.Release|iPhone.Build.0 = Release|Any CPU
		{89A997B6-2157-4BAD-A833-D3FA085B54BA}.Release|iPhoneSimulator.ActiveCfg = Release|Any CPU
		{89A997B6-2157-4BAD-A833-D3FA085B54BA}.Release|iPhoneSimulator.Build.0 = Release|Any CPU
		{0CF1BDAE-B18E-46B4-B336-CE73D4323258}.Ad-Hoc|Any CPU.ActiveCfg = Release|Any CPU
		{0CF1BDAE-B18E-46B4-B336-CE73D4323258}.Ad-Hoc|Any CPU.Build.0 = Release|Any CPU
		{0CF1BDAE-B18E-46B4-B336-CE73D4323258}.Ad-Hoc|iPhone.ActiveCfg = Release|Any CPU
		{0CF1BDAE-B18E-46B4-B336-CE73D4323258}.Ad-Hoc|iPhone.Build.0 = Release|Any CPU
		{0CF1BDAE-B18E-46B4-B336-CE73D4323258}.Ad-Hoc|iPhoneSimulator.ActiveCfg = Release|Any CPU
		{0CF1BDAE-B18E-46B4-B336-CE73D4323258}.Ad-Hoc|iPhoneSimulator.Build.0 = Release|Any CPU
		{0CF1BDAE-B18E-46B4-B336-CE73D4323258}.AppStore|Any CPU.ActiveCfg = Release|Any CPU
		{0CF1BDAE-B18E-46B4-B336-CE73D4323258}.AppStore|Any CPU.Build.0 = Release|Any CPU
		{0CF1BDAE-B18E-46B4-B336-CE73D4323258}.AppStore|iPhone.ActiveCfg = Release|Any CPU
		{0CF1BDAE-B18E-46B4-B336-CE73D4323258}.AppStore|iPhone.Build.0 = Release|Any CPU
		{0CF1BDAE-B18E-46B4-B336-CE73D4323258}.AppStore|iPhoneSimulator.ActiveCfg = Release|Any CPU
		{0CF1BDAE-B18E-46B4-B336-CE73D4323258}.AppStore|iPhoneSimulator.Build.0 = Release|Any CPU
		{0CF1BDAE-B18E-46B4-B336-CE73D4323258}.Debug|Any CPU.ActiveCfg = Debug|Any CPU
		{0CF1BDAE-B18E-46B4-B336-CE73D4323258}.Debug|Any CPU.Build.0 = Debug|Any CPU
		{0CF1BDAE-B18E-46B4-B336-CE73D4323258}.Debug|iPhone.ActiveCfg = Debug|Any CPU
		{0CF1BDAE-B18E-46B4-B336-CE73D4323258}.Debug|iPhone.Build.0 = Debug|Any CPU
		{0CF1BDAE-B18E-46B4-B336-CE73D4323258}.Debug|iPhoneSimulator.ActiveCfg = Debug|Any CPU
		{0CF1BDAE-B18E-46B4-B336-CE73D4323258}.Debug|iPhoneSimulator.Build.0 = Debug|Any CPU
		{0CF1BDAE-B18E-46B4-B336-CE73D4323258}.Release|Any CPU.ActiveCfg = Release|Any CPU
		{0CF1BDAE-B18E-46B4-B336-CE73D4323258}.Release|Any CPU.Build.0 = Release|Any CPU
		{0CF1BDAE-B18E-46B4-B336-CE73D4323258}.Release|iPhone.ActiveCfg = Release|Any CPU
		{0CF1BDAE-B18E-46B4-B336-CE73D4323258}.Release|iPhone.Build.0 = Release|Any CPU
		{0CF1BDAE-B18E-46B4-B336-CE73D4323258}.Release|iPhoneSimulator.ActiveCfg = Release|Any CPU
		{0CF1BDAE-B18E-46B4-B336-CE73D4323258}.Release|iPhoneSimulator.Build.0 = Release|Any CPU
		{7BA47576-C41E-4082-AAFD-63010A3B4868}.Ad-Hoc|Any CPU.ActiveCfg = Release|Any CPU
		{7BA47576-C41E-4082-AAFD-63010A3B4868}.Ad-Hoc|Any CPU.Build.0 = Release|Any CPU
		{7BA47576-C41E-4082-AAFD-63010A3B4868}.Ad-Hoc|iPhone.ActiveCfg = Release|Any CPU
		{7BA47576-C41E-4082-AAFD-63010A3B4868}.Ad-Hoc|iPhone.Build.0 = Release|Any CPU
		{7BA47576-C41E-4082-AAFD-63010A3B4868}.Ad-Hoc|iPhoneSimulator.ActiveCfg = Release|Any CPU
		{7BA47576-C41E-4082-AAFD-63010A3B4868}.Ad-Hoc|iPhoneSimulator.Build.0 = Release|Any CPU
		{7BA47576-C41E-4082-AAFD-63010A3B4868}.AppStore|Any CPU.ActiveCfg = Release|Any CPU
		{7BA47576-C41E-4082-AAFD-63010A3B4868}.AppStore|Any CPU.Build.0 = Release|Any CPU
		{7BA47576-C41E-4082-AAFD-63010A3B4868}.AppStore|iPhone.ActiveCfg = Release|Any CPU
		{7BA47576-C41E-4082-AAFD-63010A3B4868}.AppStore|iPhone.Build.0 = Release|Any CPU
		{7BA47576-C41E-4082-AAFD-63010A3B4868}.AppStore|iPhoneSimulator.ActiveCfg = Release|Any CPU
		{7BA47576-C41E-4082-AAFD-63010A3B4868}.AppStore|iPhoneSimulator.Build.0 = Release|Any CPU
		{7BA47576-C41E-4082-AAFD-63010A3B4868}.Debug|Any CPU.ActiveCfg = Debug|Any CPU
		{7BA47576-C41E-4082-AAFD-63010A3B4868}.Debug|Any CPU.Build.0 = Debug|Any CPU
		{7BA47576-C41E-4082-AAFD-63010A3B4868}.Debug|iPhone.ActiveCfg = Debug|Any CPU
		{7BA47576-C41E-4082-AAFD-63010A3B4868}.Debug|iPhone.Build.0 = Debug|Any CPU
		{7BA47576-C41E-4082-AAFD-63010A3B4868}.Debug|iPhoneSimulator.ActiveCfg = Debug|Any CPU
		{7BA47576-C41E-4082-AAFD-63010A3B4868}.Debug|iPhoneSimulator.Build.0 = Debug|Any CPU
		{7BA47576-C41E-4082-AAFD-63010A3B4868}.Release|Any CPU.ActiveCfg = Release|Any CPU
		{7BA47576-C41E-4082-AAFD-63010A3B4868}.Release|Any CPU.Build.0 = Release|Any CPU
		{7BA47576-C41E-4082-AAFD-63010A3B4868}.Release|iPhone.ActiveCfg = Release|Any CPU
		{7BA47576-C41E-4082-AAFD-63010A3B4868}.Release|iPhone.Build.0 = Release|Any CPU
		{7BA47576-C41E-4082-AAFD-63010A3B4868}.Release|iPhoneSimulator.ActiveCfg = Release|Any CPU
		{7BA47576-C41E-4082-AAFD-63010A3B4868}.Release|iPhoneSimulator.Build.0 = Release|Any CPU
		{DB61AA62-4162-4FB9-908C-B90470DF4136}.Ad-Hoc|Any CPU.ActiveCfg = Release|Any CPU
		{DB61AA62-4162-4FB9-908C-B90470DF4136}.Ad-Hoc|Any CPU.Build.0 = Release|Any CPU
		{DB61AA62-4162-4FB9-908C-B90470DF4136}.Ad-Hoc|iPhone.ActiveCfg = Release|Any CPU
		{DB61AA62-4162-4FB9-908C-B90470DF4136}.Ad-Hoc|iPhone.Build.0 = Release|Any CPU
		{DB61AA62-4162-4FB9-908C-B90470DF4136}.Ad-Hoc|iPhoneSimulator.ActiveCfg = Release|Any CPU
		{DB61AA62-4162-4FB9-908C-B90470DF4136}.Ad-Hoc|iPhoneSimulator.Build.0 = Release|Any CPU
		{DB61AA62-4162-4FB9-908C-B90470DF4136}.AppStore|Any CPU.ActiveCfg = Release|Any CPU
		{DB61AA62-4162-4FB9-908C-B90470DF4136}.AppStore|Any CPU.Build.0 = Release|Any CPU
		{DB61AA62-4162-4FB9-908C-B90470DF4136}.AppStore|iPhone.ActiveCfg = Release|Any CPU
		{DB61AA62-4162-4FB9-908C-B90470DF4136}.AppStore|iPhone.Build.0 = Release|Any CPU
		{DB61AA62-4162-4FB9-908C-B90470DF4136}.AppStore|iPhoneSimulator.ActiveCfg = Release|Any CPU
		{DB61AA62-4162-4FB9-908C-B90470DF4136}.AppStore|iPhoneSimulator.Build.0 = Release|Any CPU
		{DB61AA62-4162-4FB9-908C-B90470DF4136}.Debug|Any CPU.ActiveCfg = Debug|Any CPU
		{DB61AA62-4162-4FB9-908C-B90470DF4136}.Debug|Any CPU.Build.0 = Debug|Any CPU
		{DB61AA62-4162-4FB9-908C-B90470DF4136}.Debug|iPhone.ActiveCfg = Debug|Any CPU
		{DB61AA62-4162-4FB9-908C-B90470DF4136}.Debug|iPhone.Build.0 = Debug|Any CPU
		{DB61AA62-4162-4FB9-908C-B90470DF4136}.Debug|iPhoneSimulator.ActiveCfg = Debug|Any CPU
		{DB61AA62-4162-4FB9-908C-B90470DF4136}.Debug|iPhoneSimulator.Build.0 = Debug|Any CPU
		{DB61AA62-4162-4FB9-908C-B90470DF4136}.Release|Any CPU.ActiveCfg = Release|Any CPU
		{DB61AA62-4162-4FB9-908C-B90470DF4136}.Release|Any CPU.Build.0 = Release|Any CPU
		{DB61AA62-4162-4FB9-908C-B90470DF4136}.Release|iPhone.ActiveCfg = Release|Any CPU
		{DB61AA62-4162-4FB9-908C-B90470DF4136}.Release|iPhone.Build.0 = Release|Any CPU
		{DB61AA62-4162-4FB9-908C-B90470DF4136}.Release|iPhoneSimulator.ActiveCfg = Release|Any CPU
		{DB61AA62-4162-4FB9-908C-B90470DF4136}.Release|iPhoneSimulator.Build.0 = Release|Any CPU
		{C88F8A2C-3F65-4606-8E3D-F207C3E50A70}.Ad-Hoc|Any CPU.ActiveCfg = Release|iPhoneSimulator
		{C88F8A2C-3F65-4606-8E3D-F207C3E50A70}.Ad-Hoc|Any CPU.Build.0 = Release|iPhoneSimulator
		{C88F8A2C-3F65-4606-8E3D-F207C3E50A70}.Ad-Hoc|Any CPU.Deploy.0 = Release|iPhoneSimulator
		{C88F8A2C-3F65-4606-8E3D-F207C3E50A70}.Ad-Hoc|iPhone.ActiveCfg = Release|iPhone
		{C88F8A2C-3F65-4606-8E3D-F207C3E50A70}.Ad-Hoc|iPhone.Build.0 = Release|iPhone
		{C88F8A2C-3F65-4606-8E3D-F207C3E50A70}.Ad-Hoc|iPhone.Deploy.0 = Release|iPhone
		{C88F8A2C-3F65-4606-8E3D-F207C3E50A70}.Ad-Hoc|iPhoneSimulator.ActiveCfg = Release|iPhoneSimulator
		{C88F8A2C-3F65-4606-8E3D-F207C3E50A70}.Ad-Hoc|iPhoneSimulator.Build.0 = Release|iPhoneSimulator
		{C88F8A2C-3F65-4606-8E3D-F207C3E50A70}.Ad-Hoc|iPhoneSimulator.Deploy.0 = Release|iPhoneSimulator
		{C88F8A2C-3F65-4606-8E3D-F207C3E50A70}.AppStore|Any CPU.ActiveCfg = Release|iPhoneSimulator
		{C88F8A2C-3F65-4606-8E3D-F207C3E50A70}.AppStore|Any CPU.Build.0 = Release|iPhoneSimulator
		{C88F8A2C-3F65-4606-8E3D-F207C3E50A70}.AppStore|Any CPU.Deploy.0 = Release|iPhoneSimulator
		{C88F8A2C-3F65-4606-8E3D-F207C3E50A70}.AppStore|iPhone.ActiveCfg = Release|iPhone
		{C88F8A2C-3F65-4606-8E3D-F207C3E50A70}.AppStore|iPhone.Build.0 = Release|iPhone
		{C88F8A2C-3F65-4606-8E3D-F207C3E50A70}.AppStore|iPhone.Deploy.0 = Release|iPhone
		{C88F8A2C-3F65-4606-8E3D-F207C3E50A70}.AppStore|iPhoneSimulator.ActiveCfg = Release|iPhoneSimulator
		{C88F8A2C-3F65-4606-8E3D-F207C3E50A70}.AppStore|iPhoneSimulator.Build.0 = Release|iPhoneSimulator
		{C88F8A2C-3F65-4606-8E3D-F207C3E50A70}.AppStore|iPhoneSimulator.Deploy.0 = Release|iPhoneSimulator
		{C88F8A2C-3F65-4606-8E3D-F207C3E50A70}.Debug|Any CPU.ActiveCfg = Debug|iPhone
		{C88F8A2C-3F65-4606-8E3D-F207C3E50A70}.Debug|Any CPU.Build.0 = Debug|iPhone
		{C88F8A2C-3F65-4606-8E3D-F207C3E50A70}.Debug|iPhone.ActiveCfg = Debug|iPhone
		{C88F8A2C-3F65-4606-8E3D-F207C3E50A70}.Debug|iPhone.Build.0 = Debug|iPhone
		{C88F8A2C-3F65-4606-8E3D-F207C3E50A70}.Debug|iPhoneSimulator.ActiveCfg = Debug|iPhoneSimulator
		{C88F8A2C-3F65-4606-8E3D-F207C3E50A70}.Debug|iPhoneSimulator.Build.0 = Debug|iPhoneSimulator
		{C88F8A2C-3F65-4606-8E3D-F207C3E50A70}.Release|Any CPU.ActiveCfg = Release|iPhone
		{C88F8A2C-3F65-4606-8E3D-F207C3E50A70}.Release|iPhone.ActiveCfg = Release|iPhone
		{C88F8A2C-3F65-4606-8E3D-F207C3E50A70}.Release|iPhone.Build.0 = Release|iPhone
		{C88F8A2C-3F65-4606-8E3D-F207C3E50A70}.Release|iPhoneSimulator.ActiveCfg = Release|iPhoneSimulator
		{C88F8A2C-3F65-4606-8E3D-F207C3E50A70}.Release|iPhoneSimulator.Build.0 = Release|iPhoneSimulator
		{6A28A714-343F-41F0-85FD-1A0C07B6F478}.Ad-Hoc|Any CPU.ActiveCfg = Release|Any CPU
		{6A28A714-343F-41F0-85FD-1A0C07B6F478}.Ad-Hoc|Any CPU.Build.0 = Release|Any CPU
		{6A28A714-343F-41F0-85FD-1A0C07B6F478}.Ad-Hoc|iPhone.ActiveCfg = Release|Any CPU
		{6A28A714-343F-41F0-85FD-1A0C07B6F478}.Ad-Hoc|iPhone.Build.0 = Release|Any CPU
		{6A28A714-343F-41F0-85FD-1A0C07B6F478}.Ad-Hoc|iPhoneSimulator.ActiveCfg = Release|Any CPU
		{6A28A714-343F-41F0-85FD-1A0C07B6F478}.Ad-Hoc|iPhoneSimulator.Build.0 = Release|Any CPU
		{6A28A714-343F-41F0-85FD-1A0C07B6F478}.AppStore|Any CPU.ActiveCfg = Release|Any CPU
		{6A28A714-343F-41F0-85FD-1A0C07B6F478}.AppStore|Any CPU.Build.0 = Release|Any CPU
		{6A28A714-343F-41F0-85FD-1A0C07B6F478}.AppStore|iPhone.ActiveCfg = Release|Any CPU
		{6A28A714-343F-41F0-85FD-1A0C07B6F478}.AppStore|iPhone.Build.0 = Release|Any CPU
		{6A28A714-343F-41F0-85FD-1A0C07B6F478}.AppStore|iPhoneSimulator.ActiveCfg = Release|Any CPU
		{6A28A714-343F-41F0-85FD-1A0C07B6F478}.AppStore|iPhoneSimulator.Build.0 = Release|Any CPU
		{6A28A714-343F-41F0-85FD-1A0C07B6F478}.Debug|Any CPU.ActiveCfg = Debug|Any CPU
		{6A28A714-343F-41F0-85FD-1A0C07B6F478}.Debug|Any CPU.Build.0 = Debug|Any CPU
		{6A28A714-343F-41F0-85FD-1A0C07B6F478}.Debug|iPhone.ActiveCfg = Debug|Any CPU
		{6A28A714-343F-41F0-85FD-1A0C07B6F478}.Debug|iPhone.Build.0 = Debug|Any CPU
		{6A28A714-343F-41F0-85FD-1A0C07B6F478}.Debug|iPhoneSimulator.ActiveCfg = Debug|Any CPU
		{6A28A714-343F-41F0-85FD-1A0C07B6F478}.Debug|iPhoneSimulator.Build.0 = Debug|Any CPU
		{6A28A714-343F-41F0-85FD-1A0C07B6F478}.Release|Any CPU.ActiveCfg = Release|Any CPU
		{6A28A714-343F-41F0-85FD-1A0C07B6F478}.Release|Any CPU.Build.0 = Release|Any CPU
		{6A28A714-343F-41F0-85FD-1A0C07B6F478}.Release|iPhone.ActiveCfg = Release|Any CPU
		{6A28A714-343F-41F0-85FD-1A0C07B6F478}.Release|iPhone.Build.0 = Release|Any CPU
		{6A28A714-343F-41F0-85FD-1A0C07B6F478}.Release|iPhoneSimulator.ActiveCfg = Release|Any CPU
		{6A28A714-343F-41F0-85FD-1A0C07B6F478}.Release|iPhoneSimulator.Build.0 = Release|Any CPU
		{C971F261-39AC-42DF-85AC-4C707AB06A54}.Ad-Hoc|Any CPU.ActiveCfg = Debug|Any CPU
		{C971F261-39AC-42DF-85AC-4C707AB06A54}.Ad-Hoc|Any CPU.Build.0 = Debug|Any CPU
		{C971F261-39AC-42DF-85AC-4C707AB06A54}.Ad-Hoc|iPhone.ActiveCfg = Debug|Any CPU
		{C971F261-39AC-42DF-85AC-4C707AB06A54}.Ad-Hoc|iPhone.Build.0 = Debug|Any CPU
		{C971F261-39AC-42DF-85AC-4C707AB06A54}.Ad-Hoc|iPhoneSimulator.ActiveCfg = Debug|Any CPU
		{C971F261-39AC-42DF-85AC-4C707AB06A54}.Ad-Hoc|iPhoneSimulator.Build.0 = Debug|Any CPU
		{C971F261-39AC-42DF-85AC-4C707AB06A54}.AppStore|Any CPU.ActiveCfg = Debug|Any CPU
		{C971F261-39AC-42DF-85AC-4C707AB06A54}.AppStore|Any CPU.Build.0 = Debug|Any CPU
		{C971F261-39AC-42DF-85AC-4C707AB06A54}.AppStore|iPhone.ActiveCfg = Debug|Any CPU
		{C971F261-39AC-42DF-85AC-4C707AB06A54}.AppStore|iPhone.Build.0 = Debug|Any CPU
		{C971F261-39AC-42DF-85AC-4C707AB06A54}.AppStore|iPhoneSimulator.ActiveCfg = Debug|Any CPU
		{C971F261-39AC-42DF-85AC-4C707AB06A54}.AppStore|iPhoneSimulator.Build.0 = Debug|Any CPU
		{C971F261-39AC-42DF-85AC-4C707AB06A54}.Debug|Any CPU.ActiveCfg = Debug|Any CPU
		{C971F261-39AC-42DF-85AC-4C707AB06A54}.Debug|Any CPU.Build.0 = Debug|Any CPU
		{C971F261-39AC-42DF-85AC-4C707AB06A54}.Debug|iPhone.ActiveCfg = Debug|Any CPU
		{C971F261-39AC-42DF-85AC-4C707AB06A54}.Debug|iPhone.Build.0 = Debug|Any CPU
		{C971F261-39AC-42DF-85AC-4C707AB06A54}.Debug|iPhoneSimulator.ActiveCfg = Debug|Any CPU
		{C971F261-39AC-42DF-85AC-4C707AB06A54}.Debug|iPhoneSimulator.Build.0 = Debug|Any CPU
		{C971F261-39AC-42DF-85AC-4C707AB06A54}.Release|Any CPU.ActiveCfg = Release|Any CPU
		{C971F261-39AC-42DF-85AC-4C707AB06A54}.Release|Any CPU.Build.0 = Release|Any CPU
		{C971F261-39AC-42DF-85AC-4C707AB06A54}.Release|iPhone.ActiveCfg = Release|Any CPU
		{C971F261-39AC-42DF-85AC-4C707AB06A54}.Release|iPhone.Build.0 = Release|Any CPU
		{C971F261-39AC-42DF-85AC-4C707AB06A54}.Release|iPhoneSimulator.ActiveCfg = Release|Any CPU
		{C971F261-39AC-42DF-85AC-4C707AB06A54}.Release|iPhoneSimulator.Build.0 = Release|Any CPU
		{CA472EA3-46E7-4A34-A345-2D64CBC198DC}.Ad-Hoc|Any CPU.ActiveCfg = Ad-Hoc|iPhone
		{CA472EA3-46E7-4A34-A345-2D64CBC198DC}.Ad-Hoc|iPhone.ActiveCfg = Ad-Hoc|iPhone
		{CA472EA3-46E7-4A34-A345-2D64CBC198DC}.Ad-Hoc|iPhone.Build.0 = Ad-Hoc|iPhone
		{CA472EA3-46E7-4A34-A345-2D64CBC198DC}.Ad-Hoc|iPhoneSimulator.ActiveCfg = Ad-Hoc|iPhoneSimulator
		{CA472EA3-46E7-4A34-A345-2D64CBC198DC}.Ad-Hoc|iPhoneSimulator.Build.0 = Ad-Hoc|iPhoneSimulator
		{CA472EA3-46E7-4A34-A345-2D64CBC198DC}.AppStore|Any CPU.ActiveCfg = AppStore|iPhone
		{CA472EA3-46E7-4A34-A345-2D64CBC198DC}.AppStore|iPhone.ActiveCfg = AppStore|iPhone
		{CA472EA3-46E7-4A34-A345-2D64CBC198DC}.AppStore|iPhone.Build.0 = AppStore|iPhone
		{CA472EA3-46E7-4A34-A345-2D64CBC198DC}.AppStore|iPhoneSimulator.ActiveCfg = AppStore|iPhoneSimulator
		{CA472EA3-46E7-4A34-A345-2D64CBC198DC}.AppStore|iPhoneSimulator.Build.0 = AppStore|iPhoneSimulator
		{CA472EA3-46E7-4A34-A345-2D64CBC198DC}.Debug|Any CPU.ActiveCfg = Debug|iPhone
		{CA472EA3-46E7-4A34-A345-2D64CBC198DC}.Debug|Any CPU.Build.0 = Debug|iPhone
		{CA472EA3-46E7-4A34-A345-2D64CBC198DC}.Debug|iPhone.ActiveCfg = Debug|iPhone
		{CA472EA3-46E7-4A34-A345-2D64CBC198DC}.Debug|iPhone.Build.0 = Debug|iPhone
		{CA472EA3-46E7-4A34-A345-2D64CBC198DC}.Debug|iPhoneSimulator.ActiveCfg = Debug|iPhoneSimulator
		{CA472EA3-46E7-4A34-A345-2D64CBC198DC}.Debug|iPhoneSimulator.Build.0 = Debug|iPhoneSimulator
		{CA472EA3-46E7-4A34-A345-2D64CBC198DC}.Release|Any CPU.ActiveCfg = Release|iPhone
		{CA472EA3-46E7-4A34-A345-2D64CBC198DC}.Release|iPhone.ActiveCfg = Release|iPhone
		{CA472EA3-46E7-4A34-A345-2D64CBC198DC}.Release|iPhone.Build.0 = Release|iPhone
		{CA472EA3-46E7-4A34-A345-2D64CBC198DC}.Release|iPhoneSimulator.ActiveCfg = Release|iPhoneSimulator
		{CA472EA3-46E7-4A34-A345-2D64CBC198DC}.Release|iPhoneSimulator.Build.0 = Release|iPhoneSimulator
		{9DD9EC6B-591E-4F79-B142-775D1F9A96AE}.Ad-Hoc|Any CPU.ActiveCfg = Release|Any CPU
		{9DD9EC6B-591E-4F79-B142-775D1F9A96AE}.Ad-Hoc|Any CPU.Build.0 = Release|Any CPU
		{9DD9EC6B-591E-4F79-B142-775D1F9A96AE}.Ad-Hoc|Any CPU.Deploy.0 = Release|Any CPU
		{9DD9EC6B-591E-4F79-B142-775D1F9A96AE}.Ad-Hoc|iPhone.ActiveCfg = Release|Any CPU
		{9DD9EC6B-591E-4F79-B142-775D1F9A96AE}.Ad-Hoc|iPhone.Build.0 = Release|Any CPU
		{9DD9EC6B-591E-4F79-B142-775D1F9A96AE}.Ad-Hoc|iPhone.Deploy.0 = Release|Any CPU
		{9DD9EC6B-591E-4F79-B142-775D1F9A96AE}.Ad-Hoc|iPhoneSimulator.ActiveCfg = Release|Any CPU
		{9DD9EC6B-591E-4F79-B142-775D1F9A96AE}.Ad-Hoc|iPhoneSimulator.Build.0 = Release|Any CPU
		{9DD9EC6B-591E-4F79-B142-775D1F9A96AE}.Ad-Hoc|iPhoneSimulator.Deploy.0 = Release|Any CPU
		{9DD9EC6B-591E-4F79-B142-775D1F9A96AE}.AppStore|Any CPU.ActiveCfg = Release|Any CPU
		{9DD9EC6B-591E-4F79-B142-775D1F9A96AE}.AppStore|Any CPU.Build.0 = Release|Any CPU
		{9DD9EC6B-591E-4F79-B142-775D1F9A96AE}.AppStore|Any CPU.Deploy.0 = Release|Any CPU
		{9DD9EC6B-591E-4F79-B142-775D1F9A96AE}.AppStore|iPhone.ActiveCfg = Release|Any CPU
		{9DD9EC6B-591E-4F79-B142-775D1F9A96AE}.AppStore|iPhone.Build.0 = Release|Any CPU
		{9DD9EC6B-591E-4F79-B142-775D1F9A96AE}.AppStore|iPhone.Deploy.0 = Release|Any CPU
		{9DD9EC6B-591E-4F79-B142-775D1F9A96AE}.AppStore|iPhoneSimulator.ActiveCfg = Release|Any CPU
		{9DD9EC6B-591E-4F79-B142-775D1F9A96AE}.AppStore|iPhoneSimulator.Build.0 = Release|Any CPU
		{9DD9EC6B-591E-4F79-B142-775D1F9A96AE}.AppStore|iPhoneSimulator.Deploy.0 = Release|Any CPU
		{9DD9EC6B-591E-4F79-B142-775D1F9A96AE}.Debug|Any CPU.ActiveCfg = Debug|Any CPU
		{9DD9EC6B-591E-4F79-B142-775D1F9A96AE}.Debug|Any CPU.Build.0 = Debug|Any CPU
		{9DD9EC6B-591E-4F79-B142-775D1F9A96AE}.Debug|Any CPU.Deploy.0 = Debug|Any CPU
		{9DD9EC6B-591E-4F79-B142-775D1F9A96AE}.Debug|iPhone.ActiveCfg = Debug|Any CPU
		{9DD9EC6B-591E-4F79-B142-775D1F9A96AE}.Debug|iPhone.Build.0 = Debug|Any CPU
		{9DD9EC6B-591E-4F79-B142-775D1F9A96AE}.Debug|iPhone.Deploy.0 = Debug|Any CPU
		{9DD9EC6B-591E-4F79-B142-775D1F9A96AE}.Debug|iPhoneSimulator.ActiveCfg = Debug|Any CPU
		{9DD9EC6B-591E-4F79-B142-775D1F9A96AE}.Debug|iPhoneSimulator.Build.0 = Debug|Any CPU
		{9DD9EC6B-591E-4F79-B142-775D1F9A96AE}.Debug|iPhoneSimulator.Deploy.0 = Debug|Any CPU
		{9DD9EC6B-591E-4F79-B142-775D1F9A96AE}.Release|Any CPU.ActiveCfg = Release|Any CPU
		{9DD9EC6B-591E-4F79-B142-775D1F9A96AE}.Release|Any CPU.Build.0 = Release|Any CPU
		{9DD9EC6B-591E-4F79-B142-775D1F9A96AE}.Release|Any CPU.Deploy.0 = Release|Any CPU
		{9DD9EC6B-591E-4F79-B142-775D1F9A96AE}.Release|iPhone.ActiveCfg = Release|Any CPU
		{9DD9EC6B-591E-4F79-B142-775D1F9A96AE}.Release|iPhone.Build.0 = Release|Any CPU
		{9DD9EC6B-591E-4F79-B142-775D1F9A96AE}.Release|iPhone.Deploy.0 = Release|Any CPU
		{9DD9EC6B-591E-4F79-B142-775D1F9A96AE}.Release|iPhoneSimulator.ActiveCfg = Release|Any CPU
		{9DD9EC6B-591E-4F79-B142-775D1F9A96AE}.Release|iPhoneSimulator.Build.0 = Release|Any CPU
		{9DD9EC6B-591E-4F79-B142-775D1F9A96AE}.Release|iPhoneSimulator.Deploy.0 = Release|Any CPU
		{146C2BC6-A664-4554-B2EC-D5A7C770E04B}.Ad-Hoc|Any CPU.ActiveCfg = Release|Any CPU
		{146C2BC6-A664-4554-B2EC-D5A7C770E04B}.Ad-Hoc|Any CPU.Build.0 = Release|Any CPU
		{146C2BC6-A664-4554-B2EC-D5A7C770E04B}.Ad-Hoc|Any CPU.Deploy.0 = Release|Any CPU
		{146C2BC6-A664-4554-B2EC-D5A7C770E04B}.Ad-Hoc|iPhone.ActiveCfg = Release|Any CPU
		{146C2BC6-A664-4554-B2EC-D5A7C770E04B}.Ad-Hoc|iPhone.Build.0 = Release|Any CPU
		{146C2BC6-A664-4554-B2EC-D5A7C770E04B}.Ad-Hoc|iPhone.Deploy.0 = Release|Any CPU
		{146C2BC6-A664-4554-B2EC-D5A7C770E04B}.Ad-Hoc|iPhoneSimulator.ActiveCfg = Release|Any CPU
		{146C2BC6-A664-4554-B2EC-D5A7C770E04B}.Ad-Hoc|iPhoneSimulator.Build.0 = Release|Any CPU
		{146C2BC6-A664-4554-B2EC-D5A7C770E04B}.Ad-Hoc|iPhoneSimulator.Deploy.0 = Release|Any CPU
		{146C2BC6-A664-4554-B2EC-D5A7C770E04B}.AppStore|Any CPU.ActiveCfg = Release|Any CPU
		{146C2BC6-A664-4554-B2EC-D5A7C770E04B}.AppStore|Any CPU.Build.0 = Release|Any CPU
		{146C2BC6-A664-4554-B2EC-D5A7C770E04B}.AppStore|Any CPU.Deploy.0 = Release|Any CPU
		{146C2BC6-A664-4554-B2EC-D5A7C770E04B}.AppStore|iPhone.ActiveCfg = Release|Any CPU
		{146C2BC6-A664-4554-B2EC-D5A7C770E04B}.AppStore|iPhone.Build.0 = Release|Any CPU
		{146C2BC6-A664-4554-B2EC-D5A7C770E04B}.AppStore|iPhone.Deploy.0 = Release|Any CPU
		{146C2BC6-A664-4554-B2EC-D5A7C770E04B}.AppStore|iPhoneSimulator.ActiveCfg = Release|Any CPU
		{146C2BC6-A664-4554-B2EC-D5A7C770E04B}.AppStore|iPhoneSimulator.Build.0 = Release|Any CPU
		{146C2BC6-A664-4554-B2EC-D5A7C770E04B}.AppStore|iPhoneSimulator.Deploy.0 = Release|Any CPU
		{146C2BC6-A664-4554-B2EC-D5A7C770E04B}.Debug|Any CPU.ActiveCfg = Debug|Any CPU
		{146C2BC6-A664-4554-B2EC-D5A7C770E04B}.Debug|Any CPU.Build.0 = Debug|Any CPU
		{146C2BC6-A664-4554-B2EC-D5A7C770E04B}.Debug|Any CPU.Deploy.0 = Debug|Any CPU
		{146C2BC6-A664-4554-B2EC-D5A7C770E04B}.Debug|iPhone.ActiveCfg = Debug|Any CPU
		{146C2BC6-A664-4554-B2EC-D5A7C770E04B}.Debug|iPhone.Build.0 = Debug|Any CPU
		{146C2BC6-A664-4554-B2EC-D5A7C770E04B}.Debug|iPhone.Deploy.0 = Debug|Any CPU
		{146C2BC6-A664-4554-B2EC-D5A7C770E04B}.Debug|iPhoneSimulator.ActiveCfg = Debug|Any CPU
		{146C2BC6-A664-4554-B2EC-D5A7C770E04B}.Debug|iPhoneSimulator.Build.0 = Debug|Any CPU
		{146C2BC6-A664-4554-B2EC-D5A7C770E04B}.Debug|iPhoneSimulator.Deploy.0 = Debug|Any CPU
		{146C2BC6-A664-4554-B2EC-D5A7C770E04B}.Release|Any CPU.ActiveCfg = Release|Any CPU
		{146C2BC6-A664-4554-B2EC-D5A7C770E04B}.Release|Any CPU.Build.0 = Release|Any CPU
		{146C2BC6-A664-4554-B2EC-D5A7C770E04B}.Release|Any CPU.Deploy.0 = Release|Any CPU
		{146C2BC6-A664-4554-B2EC-D5A7C770E04B}.Release|iPhone.ActiveCfg = Release|Any CPU
		{146C2BC6-A664-4554-B2EC-D5A7C770E04B}.Release|iPhone.Build.0 = Release|Any CPU
		{146C2BC6-A664-4554-B2EC-D5A7C770E04B}.Release|iPhone.Deploy.0 = Release|Any CPU
		{146C2BC6-A664-4554-B2EC-D5A7C770E04B}.Release|iPhoneSimulator.ActiveCfg = Release|Any CPU
		{146C2BC6-A664-4554-B2EC-D5A7C770E04B}.Release|iPhoneSimulator.Build.0 = Release|Any CPU
		{146C2BC6-A664-4554-B2EC-D5A7C770E04B}.Release|iPhoneSimulator.Deploy.0 = Release|Any CPU
		{C936199A-57C9-44C2-9671-82C1BF971DCD}.Ad-Hoc|Any CPU.ActiveCfg = Release|Any CPU
		{C936199A-57C9-44C2-9671-82C1BF971DCD}.Ad-Hoc|Any CPU.Build.0 = Release|Any CPU
		{C936199A-57C9-44C2-9671-82C1BF971DCD}.Ad-Hoc|iPhone.ActiveCfg = Release|Any CPU
		{C936199A-57C9-44C2-9671-82C1BF971DCD}.Ad-Hoc|iPhone.Build.0 = Release|Any CPU
		{C936199A-57C9-44C2-9671-82C1BF971DCD}.Ad-Hoc|iPhoneSimulator.ActiveCfg = Release|Any CPU
		{C936199A-57C9-44C2-9671-82C1BF971DCD}.Ad-Hoc|iPhoneSimulator.Build.0 = Release|Any CPU
		{C936199A-57C9-44C2-9671-82C1BF971DCD}.AppStore|Any CPU.ActiveCfg = Release|Any CPU
		{C936199A-57C9-44C2-9671-82C1BF971DCD}.AppStore|Any CPU.Build.0 = Release|Any CPU
		{C936199A-57C9-44C2-9671-82C1BF971DCD}.AppStore|iPhone.ActiveCfg = Release|Any CPU
		{C936199A-57C9-44C2-9671-82C1BF971DCD}.AppStore|iPhone.Build.0 = Release|Any CPU
		{C936199A-57C9-44C2-9671-82C1BF971DCD}.AppStore|iPhoneSimulator.ActiveCfg = Release|Any CPU
		{C936199A-57C9-44C2-9671-82C1BF971DCD}.AppStore|iPhoneSimulator.Build.0 = Release|Any CPU
		{C936199A-57C9-44C2-9671-82C1BF971DCD}.Debug|Any CPU.ActiveCfg = Debug|Any CPU
		{C936199A-57C9-44C2-9671-82C1BF971DCD}.Debug|Any CPU.Build.0 = Debug|Any CPU
		{C936199A-57C9-44C2-9671-82C1BF971DCD}.Debug|iPhone.ActiveCfg = Debug|Any CPU
		{C936199A-57C9-44C2-9671-82C1BF971DCD}.Debug|iPhone.Build.0 = Debug|Any CPU
		{C936199A-57C9-44C2-9671-82C1BF971DCD}.Debug|iPhoneSimulator.ActiveCfg = Debug|Any CPU
		{C936199A-57C9-44C2-9671-82C1BF971DCD}.Debug|iPhoneSimulator.Build.0 = Debug|Any CPU
		{C936199A-57C9-44C2-9671-82C1BF971DCD}.Release|Any CPU.ActiveCfg = Release|Any CPU
		{C936199A-57C9-44C2-9671-82C1BF971DCD}.Release|Any CPU.Build.0 = Release|Any CPU
		{C936199A-57C9-44C2-9671-82C1BF971DCD}.Release|iPhone.ActiveCfg = Release|Any CPU
		{C936199A-57C9-44C2-9671-82C1BF971DCD}.Release|iPhone.Build.0 = Release|Any CPU
		{C936199A-57C9-44C2-9671-82C1BF971DCD}.Release|iPhoneSimulator.ActiveCfg = Release|Any CPU
		{C936199A-57C9-44C2-9671-82C1BF971DCD}.Release|iPhoneSimulator.Build.0 = Release|Any CPU
		{93590C3E-9A54-4F80-88BD-91CC37026FDA}.Ad-Hoc|Any CPU.ActiveCfg = Debug|Any CPU
		{93590C3E-9A54-4F80-88BD-91CC37026FDA}.Ad-Hoc|Any CPU.Build.0 = Debug|Any CPU
		{93590C3E-9A54-4F80-88BD-91CC37026FDA}.Ad-Hoc|iPhone.ActiveCfg = Debug|Any CPU
		{93590C3E-9A54-4F80-88BD-91CC37026FDA}.Ad-Hoc|iPhone.Build.0 = Debug|Any CPU
		{93590C3E-9A54-4F80-88BD-91CC37026FDA}.Ad-Hoc|iPhoneSimulator.ActiveCfg = Debug|Any CPU
		{93590C3E-9A54-4F80-88BD-91CC37026FDA}.Ad-Hoc|iPhoneSimulator.Build.0 = Debug|Any CPU
		{93590C3E-9A54-4F80-88BD-91CC37026FDA}.AppStore|Any CPU.ActiveCfg = Debug|Any CPU
		{93590C3E-9A54-4F80-88BD-91CC37026FDA}.AppStore|Any CPU.Build.0 = Debug|Any CPU
		{93590C3E-9A54-4F80-88BD-91CC37026FDA}.AppStore|iPhone.ActiveCfg = Debug|Any CPU
		{93590C3E-9A54-4F80-88BD-91CC37026FDA}.AppStore|iPhone.Build.0 = Debug|Any CPU
		{93590C3E-9A54-4F80-88BD-91CC37026FDA}.AppStore|iPhoneSimulator.ActiveCfg = Debug|Any CPU
		{93590C3E-9A54-4F80-88BD-91CC37026FDA}.AppStore|iPhoneSimulator.Build.0 = Debug|Any CPU
		{93590C3E-9A54-4F80-88BD-91CC37026FDA}.Debug|Any CPU.ActiveCfg = Debug|Any CPU
		{93590C3E-9A54-4F80-88BD-91CC37026FDA}.Debug|Any CPU.Build.0 = Debug|Any CPU
		{93590C3E-9A54-4F80-88BD-91CC37026FDA}.Debug|iPhone.ActiveCfg = Debug|Any CPU
		{93590C3E-9A54-4F80-88BD-91CC37026FDA}.Debug|iPhone.Build.0 = Debug|Any CPU
		{93590C3E-9A54-4F80-88BD-91CC37026FDA}.Debug|iPhoneSimulator.ActiveCfg = Debug|Any CPU
		{93590C3E-9A54-4F80-88BD-91CC37026FDA}.Debug|iPhoneSimulator.Build.0 = Debug|Any CPU
		{93590C3E-9A54-4F80-88BD-91CC37026FDA}.Release|Any CPU.ActiveCfg = Release|Any CPU
		{93590C3E-9A54-4F80-88BD-91CC37026FDA}.Release|Any CPU.Build.0 = Release|Any CPU
		{93590C3E-9A54-4F80-88BD-91CC37026FDA}.Release|iPhone.ActiveCfg = Release|Any CPU
		{93590C3E-9A54-4F80-88BD-91CC37026FDA}.Release|iPhone.Build.0 = Release|Any CPU
		{93590C3E-9A54-4F80-88BD-91CC37026FDA}.Release|iPhoneSimulator.ActiveCfg = Release|Any CPU
		{93590C3E-9A54-4F80-88BD-91CC37026FDA}.Release|iPhoneSimulator.Build.0 = Release|Any CPU
		{FC745B10-097A-45FC-8234-0EED72AA3E89}.Ad-Hoc|Any CPU.ActiveCfg = Debug|Any CPU
		{FC745B10-097A-45FC-8234-0EED72AA3E89}.Ad-Hoc|Any CPU.Build.0 = Debug|Any CPU
		{FC745B10-097A-45FC-8234-0EED72AA3E89}.Ad-Hoc|iPhone.ActiveCfg = Debug|Any CPU
		{FC745B10-097A-45FC-8234-0EED72AA3E89}.Ad-Hoc|iPhone.Build.0 = Debug|Any CPU
		{FC745B10-097A-45FC-8234-0EED72AA3E89}.Ad-Hoc|iPhoneSimulator.ActiveCfg = Debug|Any CPU
		{FC745B10-097A-45FC-8234-0EED72AA3E89}.Ad-Hoc|iPhoneSimulator.Build.0 = Debug|Any CPU
		{FC745B10-097A-45FC-8234-0EED72AA3E89}.AppStore|Any CPU.ActiveCfg = Debug|Any CPU
		{FC745B10-097A-45FC-8234-0EED72AA3E89}.AppStore|Any CPU.Build.0 = Debug|Any CPU
		{FC745B10-097A-45FC-8234-0EED72AA3E89}.AppStore|iPhone.ActiveCfg = Debug|Any CPU
		{FC745B10-097A-45FC-8234-0EED72AA3E89}.AppStore|iPhone.Build.0 = Debug|Any CPU
		{FC745B10-097A-45FC-8234-0EED72AA3E89}.AppStore|iPhoneSimulator.ActiveCfg = Debug|Any CPU
		{FC745B10-097A-45FC-8234-0EED72AA3E89}.AppStore|iPhoneSimulator.Build.0 = Debug|Any CPU
		{FC745B10-097A-45FC-8234-0EED72AA3E89}.Debug|Any CPU.ActiveCfg = Debug|Any CPU
		{FC745B10-097A-45FC-8234-0EED72AA3E89}.Debug|Any CPU.Build.0 = Debug|Any CPU
		{FC745B10-097A-45FC-8234-0EED72AA3E89}.Debug|iPhone.ActiveCfg = Debug|Any CPU
		{FC745B10-097A-45FC-8234-0EED72AA3E89}.Debug|iPhone.Build.0 = Debug|Any CPU
		{FC745B10-097A-45FC-8234-0EED72AA3E89}.Debug|iPhoneSimulator.ActiveCfg = Debug|Any CPU
		{FC745B10-097A-45FC-8234-0EED72AA3E89}.Debug|iPhoneSimulator.Build.0 = Debug|Any CPU
		{FC745B10-097A-45FC-8234-0EED72AA3E89}.Release|Any CPU.ActiveCfg = Release|Any CPU
		{FC745B10-097A-45FC-8234-0EED72AA3E89}.Release|Any CPU.Build.0 = Release|Any CPU
		{FC745B10-097A-45FC-8234-0EED72AA3E89}.Release|iPhone.ActiveCfg = Release|Any CPU
		{FC745B10-097A-45FC-8234-0EED72AA3E89}.Release|iPhone.Build.0 = Release|Any CPU
		{FC745B10-097A-45FC-8234-0EED72AA3E89}.Release|iPhoneSimulator.ActiveCfg = Release|Any CPU
		{FC745B10-097A-45FC-8234-0EED72AA3E89}.Release|iPhoneSimulator.Build.0 = Release|Any CPU
		{79E0093F-A1C5-4F27-9E3F-8648F05C2135}.Ad-Hoc|Any CPU.ActiveCfg = Release|Any CPU
		{79E0093F-A1C5-4F27-9E3F-8648F05C2135}.Ad-Hoc|Any CPU.Build.0 = Release|Any CPU
		{79E0093F-A1C5-4F27-9E3F-8648F05C2135}.Ad-Hoc|Any CPU.Deploy.0 = Release|Any CPU
		{79E0093F-A1C5-4F27-9E3F-8648F05C2135}.Ad-Hoc|iPhone.ActiveCfg = Release|Any CPU
		{79E0093F-A1C5-4F27-9E3F-8648F05C2135}.Ad-Hoc|iPhone.Build.0 = Release|Any CPU
		{79E0093F-A1C5-4F27-9E3F-8648F05C2135}.Ad-Hoc|iPhone.Deploy.0 = Release|Any CPU
		{79E0093F-A1C5-4F27-9E3F-8648F05C2135}.Ad-Hoc|iPhoneSimulator.ActiveCfg = Release|Any CPU
		{79E0093F-A1C5-4F27-9E3F-8648F05C2135}.Ad-Hoc|iPhoneSimulator.Build.0 = Release|Any CPU
		{79E0093F-A1C5-4F27-9E3F-8648F05C2135}.Ad-Hoc|iPhoneSimulator.Deploy.0 = Release|Any CPU
		{79E0093F-A1C5-4F27-9E3F-8648F05C2135}.AppStore|Any CPU.ActiveCfg = Release|Any CPU
		{79E0093F-A1C5-4F27-9E3F-8648F05C2135}.AppStore|Any CPU.Build.0 = Release|Any CPU
		{79E0093F-A1C5-4F27-9E3F-8648F05C2135}.AppStore|Any CPU.Deploy.0 = Release|Any CPU
		{79E0093F-A1C5-4F27-9E3F-8648F05C2135}.AppStore|iPhone.ActiveCfg = Release|Any CPU
		{79E0093F-A1C5-4F27-9E3F-8648F05C2135}.AppStore|iPhone.Build.0 = Release|Any CPU
		{79E0093F-A1C5-4F27-9E3F-8648F05C2135}.AppStore|iPhone.Deploy.0 = Release|Any CPU
		{79E0093F-A1C5-4F27-9E3F-8648F05C2135}.AppStore|iPhoneSimulator.ActiveCfg = Release|Any CPU
		{79E0093F-A1C5-4F27-9E3F-8648F05C2135}.AppStore|iPhoneSimulator.Build.0 = Release|Any CPU
		{79E0093F-A1C5-4F27-9E3F-8648F05C2135}.AppStore|iPhoneSimulator.Deploy.0 = Release|Any CPU
		{79E0093F-A1C5-4F27-9E3F-8648F05C2135}.Debug|Any CPU.ActiveCfg = Debug|Any CPU
		{79E0093F-A1C5-4F27-9E3F-8648F05C2135}.Debug|Any CPU.Build.0 = Debug|Any CPU
		{79E0093F-A1C5-4F27-9E3F-8648F05C2135}.Debug|Any CPU.Deploy.0 = Debug|Any CPU
		{79E0093F-A1C5-4F27-9E3F-8648F05C2135}.Debug|iPhone.ActiveCfg = Debug|Any CPU
		{79E0093F-A1C5-4F27-9E3F-8648F05C2135}.Debug|iPhone.Build.0 = Debug|Any CPU
		{79E0093F-A1C5-4F27-9E3F-8648F05C2135}.Debug|iPhone.Deploy.0 = Debug|Any CPU
		{79E0093F-A1C5-4F27-9E3F-8648F05C2135}.Debug|iPhoneSimulator.ActiveCfg = Debug|Any CPU
		{79E0093F-A1C5-4F27-9E3F-8648F05C2135}.Debug|iPhoneSimulator.Build.0 = Debug|Any CPU
		{79E0093F-A1C5-4F27-9E3F-8648F05C2135}.Debug|iPhoneSimulator.Deploy.0 = Debug|Any CPU
		{79E0093F-A1C5-4F27-9E3F-8648F05C2135}.Release|Any CPU.ActiveCfg = Release|Any CPU
		{79E0093F-A1C5-4F27-9E3F-8648F05C2135}.Release|Any CPU.Build.0 = Release|Any CPU
		{79E0093F-A1C5-4F27-9E3F-8648F05C2135}.Release|Any CPU.Deploy.0 = Release|Any CPU
		{79E0093F-A1C5-4F27-9E3F-8648F05C2135}.Release|iPhone.ActiveCfg = Release|Any CPU
		{79E0093F-A1C5-4F27-9E3F-8648F05C2135}.Release|iPhone.Build.0 = Release|Any CPU
		{79E0093F-A1C5-4F27-9E3F-8648F05C2135}.Release|iPhone.Deploy.0 = Release|Any CPU
		{79E0093F-A1C5-4F27-9E3F-8648F05C2135}.Release|iPhoneSimulator.ActiveCfg = Release|Any CPU
		{79E0093F-A1C5-4F27-9E3F-8648F05C2135}.Release|iPhoneSimulator.Build.0 = Release|Any CPU
		{79E0093F-A1C5-4F27-9E3F-8648F05C2135}.Release|iPhoneSimulator.Deploy.0 = Release|Any CPU
		{C5426040-C67B-4A56-A224-A63986A62E5D}.Ad-Hoc|Any CPU.ActiveCfg = Ad-Hoc|iPhone
		{C5426040-C67B-4A56-A224-A63986A62E5D}.Ad-Hoc|iPhone.ActiveCfg = Ad-Hoc|iPhone
		{C5426040-C67B-4A56-A224-A63986A62E5D}.Ad-Hoc|iPhone.Build.0 = Ad-Hoc|iPhone
		{C5426040-C67B-4A56-A224-A63986A62E5D}.Ad-Hoc|iPhoneSimulator.ActiveCfg = Ad-Hoc|iPhoneSimulator
		{C5426040-C67B-4A56-A224-A63986A62E5D}.Ad-Hoc|iPhoneSimulator.Build.0 = Ad-Hoc|iPhoneSimulator
		{C5426040-C67B-4A56-A224-A63986A62E5D}.AppStore|Any CPU.ActiveCfg = AppStore|iPhone
		{C5426040-C67B-4A56-A224-A63986A62E5D}.AppStore|iPhone.ActiveCfg = AppStore|iPhone
		{C5426040-C67B-4A56-A224-A63986A62E5D}.AppStore|iPhone.Build.0 = AppStore|iPhone
		{C5426040-C67B-4A56-A224-A63986A62E5D}.AppStore|iPhoneSimulator.ActiveCfg = AppStore|iPhoneSimulator
		{C5426040-C67B-4A56-A224-A63986A62E5D}.AppStore|iPhoneSimulator.Build.0 = AppStore|iPhoneSimulator
		{C5426040-C67B-4A56-A224-A63986A62E5D}.Debug|Any CPU.ActiveCfg = Debug|iPhone
		{C5426040-C67B-4A56-A224-A63986A62E5D}.Debug|Any CPU.Build.0 = Debug|iPhone
		{C5426040-C67B-4A56-A224-A63986A62E5D}.Debug|iPhone.ActiveCfg = Debug|iPhone
		{C5426040-C67B-4A56-A224-A63986A62E5D}.Debug|iPhone.Build.0 = Debug|iPhone
		{C5426040-C67B-4A56-A224-A63986A62E5D}.Debug|iPhoneSimulator.ActiveCfg = Debug|iPhoneSimulator
		{C5426040-C67B-4A56-A224-A63986A62E5D}.Debug|iPhoneSimulator.Build.0 = Debug|iPhoneSimulator
		{C5426040-C67B-4A56-A224-A63986A62E5D}.Release|Any CPU.ActiveCfg = Release|iPhone
		{C5426040-C67B-4A56-A224-A63986A62E5D}.Release|iPhone.ActiveCfg = Release|iPhone
		{C5426040-C67B-4A56-A224-A63986A62E5D}.Release|iPhone.Build.0 = Release|iPhone
		{C5426040-C67B-4A56-A224-A63986A62E5D}.Release|iPhoneSimulator.ActiveCfg = Release|iPhoneSimulator
		{C5426040-C67B-4A56-A224-A63986A62E5D}.Release|iPhoneSimulator.Build.0 = Release|iPhoneSimulator
		{3824D767-D090-4FD6-B845-0153713C45E1}.Ad-Hoc|Any CPU.ActiveCfg = Debug|Any CPU
		{3824D767-D090-4FD6-B845-0153713C45E1}.Ad-Hoc|Any CPU.Build.0 = Debug|Any CPU
		{3824D767-D090-4FD6-B845-0153713C45E1}.Ad-Hoc|iPhone.ActiveCfg = Debug|Any CPU
		{3824D767-D090-4FD6-B845-0153713C45E1}.Ad-Hoc|iPhone.Build.0 = Debug|Any CPU
		{3824D767-D090-4FD6-B845-0153713C45E1}.Ad-Hoc|iPhoneSimulator.ActiveCfg = Debug|Any CPU
		{3824D767-D090-4FD6-B845-0153713C45E1}.Ad-Hoc|iPhoneSimulator.Build.0 = Debug|Any CPU
		{3824D767-D090-4FD6-B845-0153713C45E1}.AppStore|Any CPU.ActiveCfg = Debug|Any CPU
		{3824D767-D090-4FD6-B845-0153713C45E1}.AppStore|Any CPU.Build.0 = Debug|Any CPU
		{3824D767-D090-4FD6-B845-0153713C45E1}.AppStore|iPhone.ActiveCfg = Debug|Any CPU
		{3824D767-D090-4FD6-B845-0153713C45E1}.AppStore|iPhone.Build.0 = Debug|Any CPU
		{3824D767-D090-4FD6-B845-0153713C45E1}.AppStore|iPhoneSimulator.ActiveCfg = Debug|Any CPU
		{3824D767-D090-4FD6-B845-0153713C45E1}.AppStore|iPhoneSimulator.Build.0 = Debug|Any CPU
		{3824D767-D090-4FD6-B845-0153713C45E1}.Debug|Any CPU.ActiveCfg = Debug|Any CPU
		{3824D767-D090-4FD6-B845-0153713C45E1}.Debug|Any CPU.Build.0 = Debug|Any CPU
		{3824D767-D090-4FD6-B845-0153713C45E1}.Debug|iPhone.ActiveCfg = Debug|Any CPU
		{3824D767-D090-4FD6-B845-0153713C45E1}.Debug|iPhone.Build.0 = Debug|Any CPU
		{3824D767-D090-4FD6-B845-0153713C45E1}.Debug|iPhoneSimulator.ActiveCfg = Debug|Any CPU
		{3824D767-D090-4FD6-B845-0153713C45E1}.Debug|iPhoneSimulator.Build.0 = Debug|Any CPU
		{3824D767-D090-4FD6-B845-0153713C45E1}.Release|Any CPU.ActiveCfg = Release|Any CPU
		{3824D767-D090-4FD6-B845-0153713C45E1}.Release|Any CPU.Build.0 = Release|Any CPU
		{3824D767-D090-4FD6-B845-0153713C45E1}.Release|iPhone.ActiveCfg = Release|Any CPU
		{3824D767-D090-4FD6-B845-0153713C45E1}.Release|iPhone.Build.0 = Release|Any CPU
		{3824D767-D090-4FD6-B845-0153713C45E1}.Release|iPhoneSimulator.ActiveCfg = Release|Any CPU
		{3824D767-D090-4FD6-B845-0153713C45E1}.Release|iPhoneSimulator.Build.0 = Release|Any CPU
		{03BBBCCA-FCE6-4C77-9334-E356C1B9281D}.Ad-Hoc|Any CPU.ActiveCfg = Release|Any CPU
		{03BBBCCA-FCE6-4C77-9334-E356C1B9281D}.Ad-Hoc|Any CPU.Build.0 = Release|Any CPU
		{03BBBCCA-FCE6-4C77-9334-E356C1B9281D}.Ad-Hoc|Any CPU.Deploy.0 = Release|Any CPU
		{03BBBCCA-FCE6-4C77-9334-E356C1B9281D}.Ad-Hoc|iPhone.ActiveCfg = Release|Any CPU
		{03BBBCCA-FCE6-4C77-9334-E356C1B9281D}.Ad-Hoc|iPhone.Build.0 = Release|Any CPU
		{03BBBCCA-FCE6-4C77-9334-E356C1B9281D}.Ad-Hoc|iPhone.Deploy.0 = Release|Any CPU
		{03BBBCCA-FCE6-4C77-9334-E356C1B9281D}.Ad-Hoc|iPhoneSimulator.ActiveCfg = Release|Any CPU
		{03BBBCCA-FCE6-4C77-9334-E356C1B9281D}.Ad-Hoc|iPhoneSimulator.Build.0 = Release|Any CPU
		{03BBBCCA-FCE6-4C77-9334-E356C1B9281D}.Ad-Hoc|iPhoneSimulator.Deploy.0 = Release|Any CPU
		{03BBBCCA-FCE6-4C77-9334-E356C1B9281D}.AppStore|Any CPU.ActiveCfg = Release|Any CPU
		{03BBBCCA-FCE6-4C77-9334-E356C1B9281D}.AppStore|Any CPU.Build.0 = Release|Any CPU
		{03BBBCCA-FCE6-4C77-9334-E356C1B9281D}.AppStore|Any CPU.Deploy.0 = Release|Any CPU
		{03BBBCCA-FCE6-4C77-9334-E356C1B9281D}.AppStore|iPhone.ActiveCfg = Release|Any CPU
		{03BBBCCA-FCE6-4C77-9334-E356C1B9281D}.AppStore|iPhone.Build.0 = Release|Any CPU
		{03BBBCCA-FCE6-4C77-9334-E356C1B9281D}.AppStore|iPhone.Deploy.0 = Release|Any CPU
		{03BBBCCA-FCE6-4C77-9334-E356C1B9281D}.AppStore|iPhoneSimulator.ActiveCfg = Release|Any CPU
		{03BBBCCA-FCE6-4C77-9334-E356C1B9281D}.AppStore|iPhoneSimulator.Build.0 = Release|Any CPU
		{03BBBCCA-FCE6-4C77-9334-E356C1B9281D}.AppStore|iPhoneSimulator.Deploy.0 = Release|Any CPU
		{03BBBCCA-FCE6-4C77-9334-E356C1B9281D}.Debug|Any CPU.ActiveCfg = Debug|Any CPU
		{03BBBCCA-FCE6-4C77-9334-E356C1B9281D}.Debug|Any CPU.Build.0 = Debug|Any CPU
		{03BBBCCA-FCE6-4C77-9334-E356C1B9281D}.Debug|Any CPU.Deploy.0 = Debug|Any CPU
		{03BBBCCA-FCE6-4C77-9334-E356C1B9281D}.Debug|iPhone.ActiveCfg = Debug|Any CPU
		{03BBBCCA-FCE6-4C77-9334-E356C1B9281D}.Debug|iPhone.Build.0 = Debug|Any CPU
		{03BBBCCA-FCE6-4C77-9334-E356C1B9281D}.Debug|iPhone.Deploy.0 = Debug|Any CPU
		{03BBBCCA-FCE6-4C77-9334-E356C1B9281D}.Debug|iPhoneSimulator.ActiveCfg = Debug|Any CPU
		{03BBBCCA-FCE6-4C77-9334-E356C1B9281D}.Debug|iPhoneSimulator.Build.0 = Debug|Any CPU
		{03BBBCCA-FCE6-4C77-9334-E356C1B9281D}.Debug|iPhoneSimulator.Deploy.0 = Debug|Any CPU
		{03BBBCCA-FCE6-4C77-9334-E356C1B9281D}.Release|Any CPU.ActiveCfg = Release|Any CPU
		{03BBBCCA-FCE6-4C77-9334-E356C1B9281D}.Release|Any CPU.Build.0 = Release|Any CPU
		{03BBBCCA-FCE6-4C77-9334-E356C1B9281D}.Release|Any CPU.Deploy.0 = Release|Any CPU
		{03BBBCCA-FCE6-4C77-9334-E356C1B9281D}.Release|iPhone.ActiveCfg = Release|Any CPU
		{03BBBCCA-FCE6-4C77-9334-E356C1B9281D}.Release|iPhone.Build.0 = Release|Any CPU
		{03BBBCCA-FCE6-4C77-9334-E356C1B9281D}.Release|iPhone.Deploy.0 = Release|Any CPU
		{03BBBCCA-FCE6-4C77-9334-E356C1B9281D}.Release|iPhoneSimulator.ActiveCfg = Release|Any CPU
		{03BBBCCA-FCE6-4C77-9334-E356C1B9281D}.Release|iPhoneSimulator.Build.0 = Release|Any CPU
		{03BBBCCA-FCE6-4C77-9334-E356C1B9281D}.Release|iPhoneSimulator.Deploy.0 = Release|Any CPU
		{D85CDDA6-C1D4-46EC-A4B8-1A2CFAC3932E}.Ad-Hoc|Any CPU.ActiveCfg = Ad-Hoc|iPhone
		{D85CDDA6-C1D4-46EC-A4B8-1A2CFAC3932E}.Ad-Hoc|iPhone.ActiveCfg = Ad-Hoc|iPhone
		{D85CDDA6-C1D4-46EC-A4B8-1A2CFAC3932E}.Ad-Hoc|iPhone.Build.0 = Ad-Hoc|iPhone
		{D85CDDA6-C1D4-46EC-A4B8-1A2CFAC3932E}.Ad-Hoc|iPhoneSimulator.ActiveCfg = Ad-Hoc|iPhoneSimulator
		{D85CDDA6-C1D4-46EC-A4B8-1A2CFAC3932E}.Ad-Hoc|iPhoneSimulator.Build.0 = Ad-Hoc|iPhoneSimulator
		{D85CDDA6-C1D4-46EC-A4B8-1A2CFAC3932E}.AppStore|Any CPU.ActiveCfg = AppStore|iPhone
		{D85CDDA6-C1D4-46EC-A4B8-1A2CFAC3932E}.AppStore|iPhone.ActiveCfg = AppStore|iPhone
		{D85CDDA6-C1D4-46EC-A4B8-1A2CFAC3932E}.AppStore|iPhone.Build.0 = AppStore|iPhone
		{D85CDDA6-C1D4-46EC-A4B8-1A2CFAC3932E}.AppStore|iPhoneSimulator.ActiveCfg = AppStore|iPhoneSimulator
		{D85CDDA6-C1D4-46EC-A4B8-1A2CFAC3932E}.AppStore|iPhoneSimulator.Build.0 = AppStore|iPhoneSimulator
		{D85CDDA6-C1D4-46EC-A4B8-1A2CFAC3932E}.Debug|Any CPU.ActiveCfg = Debug|iPhone
		{D85CDDA6-C1D4-46EC-A4B8-1A2CFAC3932E}.Debug|Any CPU.Build.0 = Debug|iPhone
		{D85CDDA6-C1D4-46EC-A4B8-1A2CFAC3932E}.Debug|iPhone.ActiveCfg = Debug|iPhone
		{D85CDDA6-C1D4-46EC-A4B8-1A2CFAC3932E}.Debug|iPhone.Build.0 = Debug|iPhone
		{D85CDDA6-C1D4-46EC-A4B8-1A2CFAC3932E}.Debug|iPhoneSimulator.ActiveCfg = Debug|iPhoneSimulator
		{D85CDDA6-C1D4-46EC-A4B8-1A2CFAC3932E}.Debug|iPhoneSimulator.Build.0 = Debug|iPhoneSimulator
		{D85CDDA6-C1D4-46EC-A4B8-1A2CFAC3932E}.Release|Any CPU.ActiveCfg = Release|iPhone
		{D85CDDA6-C1D4-46EC-A4B8-1A2CFAC3932E}.Release|iPhone.ActiveCfg = Release|iPhone
		{D85CDDA6-C1D4-46EC-A4B8-1A2CFAC3932E}.Release|iPhone.Build.0 = Release|iPhone
		{D85CDDA6-C1D4-46EC-A4B8-1A2CFAC3932E}.Release|iPhoneSimulator.ActiveCfg = Release|iPhoneSimulator
		{D85CDDA6-C1D4-46EC-A4B8-1A2CFAC3932E}.Release|iPhoneSimulator.Build.0 = Release|iPhoneSimulator
		{E3966F5F-5039-4ACC-9393-BC920221E041}.Ad-Hoc|Any CPU.ActiveCfg = Debug|Any CPU
		{E3966F5F-5039-4ACC-9393-BC920221E041}.Ad-Hoc|Any CPU.Build.0 = Debug|Any CPU
		{E3966F5F-5039-4ACC-9393-BC920221E041}.Ad-Hoc|iPhone.ActiveCfg = Debug|Any CPU
		{E3966F5F-5039-4ACC-9393-BC920221E041}.Ad-Hoc|iPhone.Build.0 = Debug|Any CPU
		{E3966F5F-5039-4ACC-9393-BC920221E041}.Ad-Hoc|iPhoneSimulator.ActiveCfg = Debug|Any CPU
		{E3966F5F-5039-4ACC-9393-BC920221E041}.Ad-Hoc|iPhoneSimulator.Build.0 = Debug|Any CPU
		{E3966F5F-5039-4ACC-9393-BC920221E041}.AppStore|Any CPU.ActiveCfg = Debug|Any CPU
		{E3966F5F-5039-4ACC-9393-BC920221E041}.AppStore|Any CPU.Build.0 = Debug|Any CPU
		{E3966F5F-5039-4ACC-9393-BC920221E041}.AppStore|iPhone.ActiveCfg = Debug|Any CPU
		{E3966F5F-5039-4ACC-9393-BC920221E041}.AppStore|iPhone.Build.0 = Debug|Any CPU
		{E3966F5F-5039-4ACC-9393-BC920221E041}.AppStore|iPhoneSimulator.ActiveCfg = Debug|Any CPU
		{E3966F5F-5039-4ACC-9393-BC920221E041}.AppStore|iPhoneSimulator.Build.0 = Debug|Any CPU
		{E3966F5F-5039-4ACC-9393-BC920221E041}.Debug|Any CPU.ActiveCfg = Debug|Any CPU
		{E3966F5F-5039-4ACC-9393-BC920221E041}.Debug|Any CPU.Build.0 = Debug|Any CPU
		{E3966F5F-5039-4ACC-9393-BC920221E041}.Debug|iPhone.ActiveCfg = Debug|Any CPU
		{E3966F5F-5039-4ACC-9393-BC920221E041}.Debug|iPhone.Build.0 = Debug|Any CPU
		{E3966F5F-5039-4ACC-9393-BC920221E041}.Debug|iPhoneSimulator.ActiveCfg = Debug|Any CPU
		{E3966F5F-5039-4ACC-9393-BC920221E041}.Debug|iPhoneSimulator.Build.0 = Debug|Any CPU
		{E3966F5F-5039-4ACC-9393-BC920221E041}.Release|Any CPU.ActiveCfg = Release|Any CPU
		{E3966F5F-5039-4ACC-9393-BC920221E041}.Release|Any CPU.Build.0 = Release|Any CPU
		{E3966F5F-5039-4ACC-9393-BC920221E041}.Release|iPhone.ActiveCfg = Release|Any CPU
		{E3966F5F-5039-4ACC-9393-BC920221E041}.Release|iPhone.Build.0 = Release|Any CPU
		{E3966F5F-5039-4ACC-9393-BC920221E041}.Release|iPhoneSimulator.ActiveCfg = Release|Any CPU
		{E3966F5F-5039-4ACC-9393-BC920221E041}.Release|iPhoneSimulator.Build.0 = Release|Any CPU
		{DEF5A7EC-D713-49B8-9FDF-01E0B2EB70A7}.Ad-Hoc|Any CPU.ActiveCfg = Release|Any CPU
		{DEF5A7EC-D713-49B8-9FDF-01E0B2EB70A7}.Ad-Hoc|Any CPU.Build.0 = Release|Any CPU
		{DEF5A7EC-D713-49B8-9FDF-01E0B2EB70A7}.Ad-Hoc|Any CPU.Deploy.0 = Release|Any CPU
		{DEF5A7EC-D713-49B8-9FDF-01E0B2EB70A7}.Ad-Hoc|iPhone.ActiveCfg = Release|Any CPU
		{DEF5A7EC-D713-49B8-9FDF-01E0B2EB70A7}.Ad-Hoc|iPhone.Build.0 = Release|Any CPU
		{DEF5A7EC-D713-49B8-9FDF-01E0B2EB70A7}.Ad-Hoc|iPhone.Deploy.0 = Release|Any CPU
		{DEF5A7EC-D713-49B8-9FDF-01E0B2EB70A7}.Ad-Hoc|iPhoneSimulator.ActiveCfg = Release|Any CPU
		{DEF5A7EC-D713-49B8-9FDF-01E0B2EB70A7}.Ad-Hoc|iPhoneSimulator.Build.0 = Release|Any CPU
		{DEF5A7EC-D713-49B8-9FDF-01E0B2EB70A7}.Ad-Hoc|iPhoneSimulator.Deploy.0 = Release|Any CPU
		{DEF5A7EC-D713-49B8-9FDF-01E0B2EB70A7}.AppStore|Any CPU.ActiveCfg = Release|Any CPU
		{DEF5A7EC-D713-49B8-9FDF-01E0B2EB70A7}.AppStore|Any CPU.Build.0 = Release|Any CPU
		{DEF5A7EC-D713-49B8-9FDF-01E0B2EB70A7}.AppStore|Any CPU.Deploy.0 = Release|Any CPU
		{DEF5A7EC-D713-49B8-9FDF-01E0B2EB70A7}.AppStore|iPhone.ActiveCfg = Release|Any CPU
		{DEF5A7EC-D713-49B8-9FDF-01E0B2EB70A7}.AppStore|iPhone.Build.0 = Release|Any CPU
		{DEF5A7EC-D713-49B8-9FDF-01E0B2EB70A7}.AppStore|iPhone.Deploy.0 = Release|Any CPU
		{DEF5A7EC-D713-49B8-9FDF-01E0B2EB70A7}.AppStore|iPhoneSimulator.ActiveCfg = Release|Any CPU
		{DEF5A7EC-D713-49B8-9FDF-01E0B2EB70A7}.AppStore|iPhoneSimulator.Build.0 = Release|Any CPU
		{DEF5A7EC-D713-49B8-9FDF-01E0B2EB70A7}.AppStore|iPhoneSimulator.Deploy.0 = Release|Any CPU
		{DEF5A7EC-D713-49B8-9FDF-01E0B2EB70A7}.Debug|Any CPU.ActiveCfg = Debug|Any CPU
		{DEF5A7EC-D713-49B8-9FDF-01E0B2EB70A7}.Debug|Any CPU.Build.0 = Debug|Any CPU
		{DEF5A7EC-D713-49B8-9FDF-01E0B2EB70A7}.Debug|Any CPU.Deploy.0 = Debug|Any CPU
		{DEF5A7EC-D713-49B8-9FDF-01E0B2EB70A7}.Debug|iPhone.ActiveCfg = Debug|Any CPU
		{DEF5A7EC-D713-49B8-9FDF-01E0B2EB70A7}.Debug|iPhone.Build.0 = Debug|Any CPU
		{DEF5A7EC-D713-49B8-9FDF-01E0B2EB70A7}.Debug|iPhone.Deploy.0 = Debug|Any CPU
		{DEF5A7EC-D713-49B8-9FDF-01E0B2EB70A7}.Debug|iPhoneSimulator.ActiveCfg = Debug|Any CPU
		{DEF5A7EC-D713-49B8-9FDF-01E0B2EB70A7}.Debug|iPhoneSimulator.Build.0 = Debug|Any CPU
		{DEF5A7EC-D713-49B8-9FDF-01E0B2EB70A7}.Debug|iPhoneSimulator.Deploy.0 = Debug|Any CPU
		{DEF5A7EC-D713-49B8-9FDF-01E0B2EB70A7}.Release|Any CPU.ActiveCfg = Release|Any CPU
		{DEF5A7EC-D713-49B8-9FDF-01E0B2EB70A7}.Release|Any CPU.Build.0 = Release|Any CPU
		{DEF5A7EC-D713-49B8-9FDF-01E0B2EB70A7}.Release|Any CPU.Deploy.0 = Release|Any CPU
		{DEF5A7EC-D713-49B8-9FDF-01E0B2EB70A7}.Release|iPhone.ActiveCfg = Release|Any CPU
		{DEF5A7EC-D713-49B8-9FDF-01E0B2EB70A7}.Release|iPhone.Build.0 = Release|Any CPU
		{DEF5A7EC-D713-49B8-9FDF-01E0B2EB70A7}.Release|iPhone.Deploy.0 = Release|Any CPU
		{DEF5A7EC-D713-49B8-9FDF-01E0B2EB70A7}.Release|iPhoneSimulator.ActiveCfg = Release|Any CPU
		{DEF5A7EC-D713-49B8-9FDF-01E0B2EB70A7}.Release|iPhoneSimulator.Build.0 = Release|Any CPU
		{DEF5A7EC-D713-49B8-9FDF-01E0B2EB70A7}.Release|iPhoneSimulator.Deploy.0 = Release|Any CPU
		{F4FE701B-F359-4AD5-B45E-B9256C38666B}.Ad-Hoc|Any CPU.ActiveCfg = Ad-Hoc|iPhone
		{F4FE701B-F359-4AD5-B45E-B9256C38666B}.Ad-Hoc|iPhone.ActiveCfg = Ad-Hoc|iPhone
		{F4FE701B-F359-4AD5-B45E-B9256C38666B}.Ad-Hoc|iPhone.Build.0 = Ad-Hoc|iPhone
		{F4FE701B-F359-4AD5-B45E-B9256C38666B}.Ad-Hoc|iPhoneSimulator.ActiveCfg = Ad-Hoc|iPhoneSimulator
		{F4FE701B-F359-4AD5-B45E-B9256C38666B}.Ad-Hoc|iPhoneSimulator.Build.0 = Ad-Hoc|iPhoneSimulator
		{F4FE701B-F359-4AD5-B45E-B9256C38666B}.AppStore|Any CPU.ActiveCfg = AppStore|iPhone
		{F4FE701B-F359-4AD5-B45E-B9256C38666B}.AppStore|iPhone.ActiveCfg = AppStore|iPhone
		{F4FE701B-F359-4AD5-B45E-B9256C38666B}.AppStore|iPhone.Build.0 = AppStore|iPhone
		{F4FE701B-F359-4AD5-B45E-B9256C38666B}.AppStore|iPhoneSimulator.ActiveCfg = AppStore|iPhoneSimulator
		{F4FE701B-F359-4AD5-B45E-B9256C38666B}.AppStore|iPhoneSimulator.Build.0 = AppStore|iPhoneSimulator
		{F4FE701B-F359-4AD5-B45E-B9256C38666B}.Debug|Any CPU.ActiveCfg = Debug|iPhone
		{F4FE701B-F359-4AD5-B45E-B9256C38666B}.Debug|Any CPU.Build.0 = Debug|iPhone
		{F4FE701B-F359-4AD5-B45E-B9256C38666B}.Debug|iPhone.ActiveCfg = Debug|iPhone
		{F4FE701B-F359-4AD5-B45E-B9256C38666B}.Debug|iPhone.Build.0 = Debug|iPhone
		{F4FE701B-F359-4AD5-B45E-B9256C38666B}.Debug|iPhoneSimulator.ActiveCfg = Debug|iPhoneSimulator
		{F4FE701B-F359-4AD5-B45E-B9256C38666B}.Debug|iPhoneSimulator.Build.0 = Debug|iPhoneSimulator
		{F4FE701B-F359-4AD5-B45E-B9256C38666B}.Release|Any CPU.ActiveCfg = Release|iPhone
		{F4FE701B-F359-4AD5-B45E-B9256C38666B}.Release|iPhone.ActiveCfg = Release|iPhone
		{F4FE701B-F359-4AD5-B45E-B9256C38666B}.Release|iPhone.Build.0 = Release|iPhone
		{F4FE701B-F359-4AD5-B45E-B9256C38666B}.Release|iPhoneSimulator.ActiveCfg = Release|iPhoneSimulator
		{F4FE701B-F359-4AD5-B45E-B9256C38666B}.Release|iPhoneSimulator.Build.0 = Release|iPhoneSimulator
	EndGlobalSection
	GlobalSection(SolutionProperties) = preSolution
		HideSolutionNode = FALSE
	EndGlobalSection
	GlobalSection(NestedProjects) = preSolution
		{165563FC-15C0-4131-9DEB-9F1A66B0E8A4} = {037B391D-7529-4FFC-B529-F567FAFDE116}
		{6F1CD24E-9574-41D9-9ECC-4263DC619828} = {037B391D-7529-4FFC-B529-F567FAFDE116}
		{043CFB56-FE55-46E6-9788-2D58EDA7A3D0} = {037B391D-7529-4FFC-B529-F567FAFDE116}
		{0EFBBFD0-5E2B-4BDC-AE6B-610B2B84E549} = {037B391D-7529-4FFC-B529-F567FAFDE116}
		{6F208EF3-641E-4CEA-86DE-AE891C0560FD} = {037B391D-7529-4FFC-B529-F567FAFDE116}
		{CFC95E3F-97BE-47A2-B8EC-A6F1250B2781} = {8553EDD2-F787-4DAF-AFE9-C3F35AC7ACBB}
		{91C9A016-0861-4721-A4DA-F15C1CCDF1FB} = {8553EDD2-F787-4DAF-AFE9-C3F35AC7ACBB}
		{084934CB-AE10-4048-80DF-005341B72161} = {8553EDD2-F787-4DAF-AFE9-C3F35AC7ACBB}
		{16F74835-1711-4D30-B380-2895599EB25D} = {8553EDD2-F787-4DAF-AFE9-C3F35AC7ACBB}
		{A7CB33B7-32AA-4717-8C83-45811B772A33} = {8553EDD2-F787-4DAF-AFE9-C3F35AC7ACBB}
		{1419F3D0-9D85-4B3C-ADBD-297FADC1AD72} = {CFC95E3F-97BE-47A2-B8EC-A6F1250B2781}
		{4C6F7B5D-31E2-4525-8C2F-25E9F0A8AD29} = {CFC95E3F-97BE-47A2-B8EC-A6F1250B2781}
		{7383C517-A64E-4B7B-9C90-C0A177486092} = {CFC95E3F-97BE-47A2-B8EC-A6F1250B2781}
		{55E2FE34-997F-4771-A5D7-8114B5FB7899} = {A7CB33B7-32AA-4717-8C83-45811B772A33}
		{89A997B6-2157-4BAD-A833-D3FA085B54BA} = {A7CB33B7-32AA-4717-8C83-45811B772A33}
		{0CF1BDAE-B18E-46B4-B336-CE73D4323258} = {16F74835-1711-4D30-B380-2895599EB25D}
		{7BA47576-C41E-4082-AAFD-63010A3B4868} = {084934CB-AE10-4048-80DF-005341B72161}
		{DB61AA62-4162-4FB9-908C-B90470DF4136} = {91C9A016-0861-4721-A4DA-F15C1CCDF1FB}
		{C88F8A2C-3F65-4606-8E3D-F207C3E50A70} = {165563FC-15C0-4131-9DEB-9F1A66B0E8A4}
		{6A28A714-343F-41F0-85FD-1A0C07B6F478} = {165563FC-15C0-4131-9DEB-9F1A66B0E8A4}
		{C971F261-39AC-42DF-85AC-4C707AB06A54} = {6F208EF3-641E-4CEA-86DE-AE891C0560FD}
		{CA472EA3-46E7-4A34-A345-2D64CBC198DC} = {6F208EF3-641E-4CEA-86DE-AE891C0560FD}
		{9DD9EC6B-591E-4F79-B142-775D1F9A96AE} = {165563FC-15C0-4131-9DEB-9F1A66B0E8A4}
		{146C2BC6-A664-4554-B2EC-D5A7C770E04B} = {6F208EF3-641E-4CEA-86DE-AE891C0560FD}
		{C936199A-57C9-44C2-9671-82C1BF971DCD} = {16F74835-1711-4D30-B380-2895599EB25D}
		{93590C3E-9A54-4F80-88BD-91CC37026FDA} = {82D2BF3A-3FD4-4D48-AC64-65A4DDD9BD87}
		{FC745B10-097A-45FC-8234-0EED72AA3E89} = {6F1CD24E-9574-41D9-9ECC-4263DC619828}
		{79E0093F-A1C5-4F27-9E3F-8648F05C2135} = {6F1CD24E-9574-41D9-9ECC-4263DC619828}
		{C5426040-C67B-4A56-A224-A63986A62E5D} = {6F1CD24E-9574-41D9-9ECC-4263DC619828}
		{3824D767-D090-4FD6-B845-0153713C45E1} = {0EFBBFD0-5E2B-4BDC-AE6B-610B2B84E549}
		{03BBBCCA-FCE6-4C77-9334-E356C1B9281D} = {0EFBBFD0-5E2B-4BDC-AE6B-610B2B84E549}
		{D85CDDA6-C1D4-46EC-A4B8-1A2CFAC3932E} = {0EFBBFD0-5E2B-4BDC-AE6B-610B2B84E549}
		{E3966F5F-5039-4ACC-9393-BC920221E041} = {043CFB56-FE55-46E6-9788-2D58EDA7A3D0}
		{DEF5A7EC-D713-49B8-9FDF-01E0B2EB70A7} = {043CFB56-FE55-46E6-9788-2D58EDA7A3D0}
		{F4FE701B-F359-4AD5-B45E-B9256C38666B} = {043CFB56-FE55-46E6-9788-2D58EDA7A3D0}
	EndGlobalSection
	GlobalSection(ExtensibilityGlobals) = postSolution
		SolutionGuid = {149ABA26-667B-44F9-9719-184BD91377B1}
	EndGlobalSection
EndGlobal
